// !$*UTF8*$!
{
	archiveVersion = 1;
	classes = {
	};
	objectVersion = 50;
	objects = {

/* Begin PBXBuildFile section */
		035A836B2232D3B200658841 /* ArenaDetailsParticipantsOverviewViewController.swift in Sources */ = {isa = PBXBuildFile; fileRef = 035A836A2232D3B200658841 /* ArenaDetailsParticipantsOverviewViewController.swift */; };
		035A836D2232D3D000658841 /* ArenaDetailsParticipantsOverviewViewController.storyboard in Resources */ = {isa = PBXBuildFile; fileRef = 035A836C2232D3D000658841 /* ArenaDetailsParticipantsOverviewViewController.storyboard */; };
		0364D57F2245089F00DA0508 /* ArenaDetailsMeetupTimeViewController.swift in Sources */ = {isa = PBXBuildFile; fileRef = 0364D57E2245089F00DA0508 /* ArenaDetailsMeetupTimeViewController.swift */; };
		0364D581224508AD00DA0508 /* ArenaDetailsMeetupTimeViewController.storyboard in Resources */ = {isa = PBXBuildFile; fileRef = 0364D580224508AD00DA0508 /* ArenaDetailsMeetupTimeViewController.storyboard */; };
		0379FC21223A5F4700A2D1C0 /* ChatViewController.swift in Sources */ = {isa = PBXBuildFile; fileRef = 0379FC20223A5F4700A2D1C0 /* ChatViewController.swift */; };
		0379FC23223A5F5F00A2D1C0 /* ArenaDetailsViewController.swift in Sources */ = {isa = PBXBuildFile; fileRef = 0379FC22223A5F5F00A2D1C0 /* ArenaDetailsViewController.swift */; };
		0379FC25223A660200A2D1C0 /* ChatViewController.storyboard in Resources */ = {isa = PBXBuildFile; fileRef = 0379FC24223A660200A2D1C0 /* ChatViewController.storyboard */; };
		2C03085B222B3DF9007A1EA0 /* ArenaDetailsRestTimeViewController.swift in Sources */ = {isa = PBXBuildFile; fileRef = 2C03085A222B3DF9007A1EA0 /* ArenaDetailsRestTimeViewController.swift */; };
		2C03085D222B4098007A1EA0 /* ArenaDetailsHeaderViewController.storyboard in Resources */ = {isa = PBXBuildFile; fileRef = 2C03085C222B4098007A1EA0 /* ArenaDetailsHeaderViewController.storyboard */; };
		2C03085F222B40AF007A1EA0 /* ArenaDetailsHeaderViewController.swift in Sources */ = {isa = PBXBuildFile; fileRef = 2C03085E222B40AF007A1EA0 /* ArenaDetailsHeaderViewController.swift */; };
		2C030863222B5A38007A1EA0 /* FirebaseTestData.swift in Sources */ = {isa = PBXBuildFile; fileRef = 2C030862222B5A38007A1EA0 /* FirebaseTestData.swift */; };
		2C030867222C85B2007A1EA0 /* ArenaDetailsInfoViewController.swift in Sources */ = {isa = PBXBuildFile; fileRef = 2C030866222C85B2007A1EA0 /* ArenaDetailsInfoViewController.swift */; };
		2C030869222C85EB007A1EA0 /* ArenaDetailsInfoViewController.storyboard in Resources */ = {isa = PBXBuildFile; fileRef = 2C030868222C85EB007A1EA0 /* ArenaDetailsInfoViewController.storyboard */; };
		2C0733582279BA6000C45028 /* CircleButton.swift in Sources */ = {isa = PBXBuildFile; fileRef = 2C0733572279BA6000C45028 /* CircleButton.swift */; };
		2C07335A227B670300C45028 /* NotificationBannerManager.swift in Sources */ = {isa = PBXBuildFile; fileRef = 2C073359227B670300C45028 /* NotificationBannerManager.swift */; };
		2C0B5B6F2255387500620F4A /* AccountTeamAndLevelViewController.storyboard in Resources */ = {isa = PBXBuildFile; fileRef = 2C0B5B6E2255387500620F4A /* AccountTeamAndLevelViewController.storyboard */; };
		2C0B5B712255399300620F4A /* AccountTeamAndLevelViewController.swift in Sources */ = {isa = PBXBuildFile; fileRef = 2C0B5B702255399300620F4A /* AccountTeamAndLevelViewController.swift */; };
		2C0B5B7322553B2500620F4A /* AccountViewModel.swift in Sources */ = {isa = PBXBuildFile; fileRef = 2C0B5B7222553B2500620F4A /* AccountViewModel.swift */; };
		2C0B5B752255408800620F4A /* AccountInputViewController.swift in Sources */ = {isa = PBXBuildFile; fileRef = 2C0B5B742255408800620F4A /* AccountInputViewController.swift */; };
		2C0B5B77225540A100620F4A /* AccountInputViewController.storyboard in Resources */ = {isa = PBXBuildFile; fileRef = 2C0B5B76225540A100620F4A /* AccountInputViewController.storyboard */; };
		2C0B5B7F2258D87A00620F4A /* AccountOverviewViewController.swift in Sources */ = {isa = PBXBuildFile; fileRef = 2C0B5B7E2258D87A00620F4A /* AccountOverviewViewController.swift */; };
		2C0B5B812258D88D00620F4A /* AccountOverviewViewController.storyboard in Resources */ = {isa = PBXBuildFile; fileRef = 2C0B5B802258D88D00620F4A /* AccountOverviewViewController.storyboard */; };
		2C19769F21ED266A00091F8C /* AppDelegate.swift in Sources */ = {isa = PBXBuildFile; fileRef = 2C19769E21ED266900091F8C /* AppDelegate.swift */; };
		2C1976A621ED266B00091F8C /* Assets.xcassets in Resources */ = {isa = PBXBuildFile; fileRef = 2C1976A521ED266B00091F8C /* Assets.xcassets */; };
		2C1976A921ED266B00091F8C /* LaunchScreen.storyboard in Resources */ = {isa = PBXBuildFile; fileRef = 2C1976A721ED266B00091F8C /* LaunchScreen.storyboard */; };
		2C1AE56B225BFEE800AE9C4A /* AccountSignUpViewController.swift in Sources */ = {isa = PBXBuildFile; fileRef = 2C1AE56A225BFEE800AE9C4A /* AccountSignUpViewController.swift */; };
		2C1AE56D225BFF0600AE9C4A /* AccountSignUpViewController.storyboard in Resources */ = {isa = PBXBuildFile; fileRef = 2C1AE56C225BFF0600AE9C4A /* AccountSignUpViewController.storyboard */; };
		2C1AE56F225D198800AE9C4A /* SignUpViewModel.swift in Sources */ = {isa = PBXBuildFile; fileRef = 2C1AE56E225D198800AE9C4A /* SignUpViewModel.swift */; };
		2C1AE571225E884200AE9C4A /* AccountWelcomeViewController.swift in Sources */ = {isa = PBXBuildFile; fileRef = 2C1AE570225E884200AE9C4A /* AccountWelcomeViewController.swift */; };
		2C1AE573225E885900AE9C4A /* AccountWelcomeViewController.storyboard in Resources */ = {isa = PBXBuildFile; fileRef = 2C1AE572225E885900AE9C4A /* AccountWelcomeViewController.storyboard */; };
		2C1AE575225FBB0000AE9C4A /* PokestopQuestViewController.swift in Sources */ = {isa = PBXBuildFile; fileRef = 2C1AE574225FBB0000AE9C4A /* PokestopQuestViewController.swift */; };
		2C1AE577225FBB0C00AE9C4A /* PokestopQuestViewController.storyboard in Resources */ = {isa = PBXBuildFile; fileRef = 2C1AE576225FBB0C00AE9C4A /* PokestopQuestViewController.storyboard */; };
		2C1AE579225FD05700AE9C4A /* PokestopInfoViewController.swift in Sources */ = {isa = PBXBuildFile; fileRef = 2C1AE578225FD05700AE9C4A /* PokestopInfoViewController.swift */; };
		2C1AE57B225FD06100AE9C4A /* PokestopInfoViewController.storyboard in Resources */ = {isa = PBXBuildFile; fileRef = 2C1AE57A225FD06100AE9C4A /* PokestopInfoViewController.storyboard */; };
		2C1AE57D225FF6DF00AE9C4A /* StackView.swift in Sources */ = {isa = PBXBuildFile; fileRef = 2C1AE57C225FF6DF00AE9C4A /* StackView.swift */; };
		2C1AE57F22637B5F00AE9C4A /* MapFilterViewController.swift in Sources */ = {isa = PBXBuildFile; fileRef = 2C1AE57E22637B5F00AE9C4A /* MapFilterViewController.swift */; };
		2C1AE58122637BD100AE9C4A /* MapFilterViewController.storyboard in Resources */ = {isa = PBXBuildFile; fileRef = 2C1AE58022637BD100AE9C4A /* MapFilterViewController.storyboard */; };
		2C1AE58322638CD500AE9C4A /* MapFilterViewModel.swift in Sources */ = {isa = PBXBuildFile; fileRef = 2C1AE58222638CD500AE9C4A /* MapFilterViewModel.swift */; };
		2C1AE5862263CC6F00AE9C4A /* Settings.swift in Sources */ = {isa = PBXBuildFile; fileRef = 2C1AE5852263CC6F00AE9C4A /* Settings.swift */; };
		2C1AE588226B97CA00AE9C4A /* AccountMedalViewController.swift in Sources */ = {isa = PBXBuildFile; fileRef = 2C1AE587226B97CA00AE9C4A /* AccountMedalViewController.swift */; };
		2C1AE58C226B97EC00AE9C4A /* AccountMedalViewController.storyboard in Resources */ = {isa = PBXBuildFile; fileRef = 2C1AE58B226B97EC00AE9C4A /* AccountMedalViewController.storyboard */; };
		2C2E98432291EEB3001ED8C6 /* ArenaDetailsUserParticipatesViewController.swift in Sources */ = {isa = PBXBuildFile; fileRef = 2C2E98422291EEB3001ED8C6 /* ArenaDetailsUserParticipatesViewController.swift */; };
		2C2E98452291EEE4001ED8C6 /* ArenaDetailsUserParticipatesViewController.storyboard in Resources */ = {isa = PBXBuildFile; fileRef = 2C2E98442291EEE4001ED8C6 /* ArenaDetailsUserParticipatesViewController.storyboard */; };
		2C2E98472291F43D001ED8C6 /* ArenaDetailsGoldArenaSwitchViewController.swift in Sources */ = {isa = PBXBuildFile; fileRef = 2C2E98462291F43D001ED8C6 /* ArenaDetailsGoldArenaSwitchViewController.swift */; };
		2C2E98492291F448001ED8C6 /* ArenaDetailsGoldArenaSwitchViewController.storyboard in Resources */ = {isa = PBXBuildFile; fileRef = 2C2E98482291F448001ED8C6 /* ArenaDetailsGoldArenaSwitchViewController.storyboard */; };
		2C2E984B22948F8A001ED8C6 /* RaidBossManager.swift in Sources */ = {isa = PBXBuildFile; fileRef = 2C2E984A22948F8A001ED8C6 /* RaidBossManager.swift */; };
		2C2FB5752219A4C2009CCEF8 /* CountClusterAnnotationView.swift in Sources */ = {isa = PBXBuildFile; fileRef = 2C2FB5742219A4C2009CCEF8 /* CountClusterAnnotationView.swift */; };
		2C348BB0220639D100F6A1F7 /* RaidBossCollectionViewController.storyboard in Resources */ = {isa = PBXBuildFile; fileRef = 2C348BAF220639D100F6A1F7 /* RaidBossCollectionViewController.storyboard */; };
		2C348BB32207394100F6A1F7 /* ITunesFileSharingManager.swift in Sources */ = {isa = PBXBuildFile; fileRef = 2C348BB22207394100F6A1F7 /* ITunesFileSharingManager.swift */; };
		2C348BB52207424D00F6A1F7 /* RaidBossCollectionViewController.swift in Sources */ = {isa = PBXBuildFile; fileRef = 2C348BB42207424D00F6A1F7 /* RaidBossCollectionViewController.swift */; };
		2C34F19E220A173300B3B99C /* PushManager.swift in Sources */ = {isa = PBXBuildFile; fileRef = 2C34F19D220A173300B3B99C /* PushManager.swift */; };
		2C34F1A4220A4C7C00B3B99C /* UIImage+Extension.swift in Sources */ = {isa = PBXBuildFile; fileRef = 2C34F1A3220A4C7C00B3B99C /* UIImage+Extension.swift */; };
		2C34F1A8220B720C00B3B99C /* ButtonsStackViewController.swift in Sources */ = {isa = PBXBuildFile; fileRef = 2C34F1A7220B720C00B3B99C /* ButtonsStackViewController.swift */; };
		2C34F1AA220B737E00B3B99C /* ButtonsStackViewController.storyboard in Resources */ = {isa = PBXBuildFile; fileRef = 2C34F1A9220B737E00B3B99C /* ButtonsStackViewController.storyboard */; };
		2C34F1AC220B990600B3B99C /* UIButton+Extension.swift in Sources */ = {isa = PBXBuildFile; fileRef = 2C34F1AB220B990600B3B99C /* UIButton+Extension.swift */; };
		2C34F1DA220E5CD500B3B99C /* UIColor+Extension.swift in Sources */ = {isa = PBXBuildFile; fileRef = 2C34F1D9220E5CD400B3B99C /* UIColor+Extension.swift */; };
		2C34F1DC220F10C300B3B99C /* MapTypeSwitchable.swift in Sources */ = {isa = PBXBuildFile; fileRef = 2C34F1DB220F10C300B3B99C /* MapTypeSwitchable.swift */; };
		2C34F1E5221092D100B3B99C /* PokestopDetailsViewController.swift in Sources */ = {isa = PBXBuildFile; fileRef = 2C34F1E4221092D100B3B99C /* PokestopDetailsViewController.swift */; };
		2C34F1E72210933700B3B99C /* PokestopDetailsViewController.storyboard in Resources */ = {isa = PBXBuildFile; fileRef = 2C34F1E62210933700B3B99C /* PokestopDetailsViewController.storyboard */; };
		2C34F1E9221206A000B3B99C /* PokestopDetailsViewModel.swift in Sources */ = {isa = PBXBuildFile; fileRef = 2C34F1E8221206A000B3B99C /* PokestopDetailsViewModel.swift */; };
		2C395A1422012C8E005330B8 /* SubmitRaidDetailsViewController.storyboard in Resources */ = {isa = PBXBuildFile; fileRef = 2C395A1322012C8E005330B8 /* SubmitRaidDetailsViewController.storyboard */; };
		2C395A1622012CC4005330B8 /* SubmitRaidDetailsViewController.swift in Sources */ = {isa = PBXBuildFile; fileRef = 2C395A1522012CC4005330B8 /* SubmitRaidDetailsViewController.swift */; };
		2C395A18220248A1005330B8 /* Coordinator.swift in Sources */ = {isa = PBXBuildFile; fileRef = 2C395A17220248A1005330B8 /* Coordinator.swift */; };
		2C395A1A22024A7F005330B8 /* MainCoordinator.swift in Sources */ = {isa = PBXBuildFile; fileRef = 2C395A1922024A7F005330B8 /* MainCoordinator.swift */; };
		2C395A1D22024F40005330B8 /* MapViewController.storyboard in Resources */ = {isa = PBXBuildFile; fileRef = 2C395A1C22024F40005330B8 /* MapViewController.storyboard */; };
		2C395A1F22025100005330B8 /* AccountViewController.storyboard in Resources */ = {isa = PBXBuildFile; fileRef = 2C395A1E22025100005330B8 /* AccountViewController.storyboard */; };
		2C395A2322025329005330B8 /* SubmitCheckViewController.storyboard in Resources */ = {isa = PBXBuildFile; fileRef = 2C395A2222025329005330B8 /* SubmitCheckViewController.storyboard */; };
		2C395A25220253DD005330B8 /* SubmitNameViewController.storyboard in Resources */ = {isa = PBXBuildFile; fileRef = 2C395A24220253DD005330B8 /* SubmitNameViewController.storyboard */; };
		2C395A2C22025708005330B8 /* ViewModel.swift in Sources */ = {isa = PBXBuildFile; fileRef = 2C395A2B22025708005330B8 /* ViewModel.swift */; };
		2C395A3022026598005330B8 /* NavigationController.swift in Sources */ = {isa = PBXBuildFile; fileRef = 2C395A2F22026598005330B8 /* NavigationController.swift */; };
		2C395A342203934C005330B8 /* RaidLevelViewController.swift in Sources */ = {isa = PBXBuildFile; fileRef = 2C395A332203934C005330B8 /* RaidLevelViewController.swift */; };
		2C395A3622039358005330B8 /* RaidLevelViewController.storyboard in Resources */ = {isa = PBXBuildFile; fileRef = 2C395A3522039358005330B8 /* RaidLevelViewController.storyboard */; };
		2C395A3E2203A2A2005330B8 /* RaidAlreadyRunningSwitchViewController.storyboard in Resources */ = {isa = PBXBuildFile; fileRef = 2C395A3D2203A2A2005330B8 /* RaidAlreadyRunningSwitchViewController.storyboard */; };
		2C395A402203B210005330B8 /* RaidHatchTimePickerViewController.storyboard in Resources */ = {isa = PBXBuildFile; fileRef = 2C395A3F2203B210005330B8 /* RaidHatchTimePickerViewController.storyboard */; };
		2C395A422203D393005330B8 /* SubmitRaidViewModel.swift in Sources */ = {isa = PBXBuildFile; fileRef = 2C395A412203D393005330B8 /* SubmitRaidViewModel.swift */; };
		2C395A492204C110005330B8 /* UIStackView+Extension.swift in Sources */ = {isa = PBXBuildFile; fileRef = 2C395A482204C110005330B8 /* UIStackView+Extension.swift */; };
		2C395A4B2205FA38005330B8 /* RaidHatchTimePickerViewController.swift in Sources */ = {isa = PBXBuildFile; fileRef = 2C395A4A2205FA37005330B8 /* RaidHatchTimePickerViewController.swift */; };
		2C395A4E2205FA4B005330B8 /* RaidMeetupTimePickerViewController.swift in Sources */ = {isa = PBXBuildFile; fileRef = 2C395A4D2205FA4B005330B8 /* RaidMeetupTimePickerViewController.swift */; };
		2C395A4F2205FB0F005330B8 /* RaidMeetupTimePickerViewController.storyboard in Resources */ = {isa = PBXBuildFile; fileRef = 2C395A4C2205FA4B005330B8 /* RaidMeetupTimePickerViewController.storyboard */; };
		2C395A512205FCA3005330B8 /* RaidAlreadyRunningSwitchViewController.swift in Sources */ = {isa = PBXBuildFile; fileRef = 2C395A502205FCA3005330B8 /* RaidAlreadyRunningSwitchViewController.swift */; };
		2C395A542205FCCB005330B8 /* RaidUserParticipateSwitchViewController.swift in Sources */ = {isa = PBXBuildFile; fileRef = 2C395A522205FCCA005330B8 /* RaidUserParticipateSwitchViewController.swift */; };
		2C395A552205FF79005330B8 /* RaidUserParticipateSwitchViewController.storyboard in Resources */ = {isa = PBXBuildFile; fileRef = 2C395A532205FCCB005330B8 /* RaidUserParticipateSwitchViewController.storyboard */; };
		2C395A58220603E4005330B8 /* RaidTimeLeftPickerViewController.swift in Sources */ = {isa = PBXBuildFile; fileRef = 2C395A57220603E4005330B8 /* RaidTimeLeftPickerViewController.swift */; };
		2C395A592206041B005330B8 /* RaidTimeLeftPickerViewController.storyboard in Resources */ = {isa = PBXBuildFile; fileRef = 2C395A56220603E4005330B8 /* RaidTimeLeftPickerViewController.storyboard */; };
		2C395A5B22060E9D005330B8 /* SeparatorView.xib in Resources */ = {isa = PBXBuildFile; fileRef = 2C395A5A22060E9D005330B8 /* SeparatorView.xib */; };
		2C395A5D22060EF7005330B8 /* SeparatorView.swift in Sources */ = {isa = PBXBuildFile; fileRef = 2C395A5C22060EF7005330B8 /* SeparatorView.swift */; };
		2C44EAAD21FA73E40029527C /* UIViewController+Extensions.swift in Sources */ = {isa = PBXBuildFile; fileRef = 2C44EAAC21FA73E40029527C /* UIViewController+Extensions.swift */; };
		2C44EAAF21FA7CDB0029527C /* ArenaPointAnnotation.swift in Sources */ = {isa = PBXBuildFile; fileRef = 2C44EAAE21FA7CDB0029527C /* ArenaPointAnnotation.swift */; };
		2C44EAB121FCA0B10029527C /* Array+Extension.swift in Sources */ = {isa = PBXBuildFile; fileRef = 2C44EAB021FCA0B10029527C /* Array+Extension.swift */; };
		2C44EAB321FCC45C0029527C /* MapRectUtility.swift in Sources */ = {isa = PBXBuildFile; fileRef = 2C44EAB221FCC45C0029527C /* MapRectUtility.swift */; };
		2C496D41226E05E700E668F1 /* AccountMedalViewModel.swift in Sources */ = {isa = PBXBuildFile; fileRef = 2C496D40226E05E700E668F1 /* AccountMedalViewModel.swift */; };
		2C5DAA3E226FB6AF00252AC8 /* FirebaseDefines.swift in Sources */ = {isa = PBXBuildFile; fileRef = 2C5DAA3D226FB6AF00252AC8 /* FirebaseDefines.swift */; };
		2C5E5705227778B9002E00B0 /* PoiSubmissable.swift in Sources */ = {isa = PBXBuildFile; fileRef = 2C5E5704227778B9002E00B0 /* PoiSubmissable.swift */; };
		2C6E7F7221FF893F00427FBE /* SubmitNameViewController.swift in Sources */ = {isa = PBXBuildFile; fileRef = 2C6E7F7121FF893F00427FBE /* SubmitNameViewController.swift */; };
		2C6E7F7421FF8DD500427FBE /* SubmitMapViewController.swift in Sources */ = {isa = PBXBuildFile; fileRef = 2C6E7F7321FF8DD500427FBE /* SubmitMapViewController.swift */; };
		2C6E7F7621FF8EBA00427FBE /* SubmitCheckViewController.swift in Sources */ = {isa = PBXBuildFile; fileRef = 2C6E7F7521FF8EBA00427FBE /* SubmitCheckViewController.swift */; };
		2C6E7F7821FFD41900427FBE /* SubmitViewModel.swift in Sources */ = {isa = PBXBuildFile; fileRef = 2C6E7F7721FFD41900427FBE /* SubmitViewModel.swift */; };
		2C6E7F7A2201103500427FBE /* ScrollableViewController.swift in Sources */ = {isa = PBXBuildFile; fileRef = 2C6E7F792201103500427FBE /* ScrollableViewController.swift */; };
		2C6E7F7C220110C200427FBE /* UIView+Extension.swift in Sources */ = {isa = PBXBuildFile; fileRef = 2C6E7F7B220110C200427FBE /* UIView+Extension.swift */; };
		2C6E7F8122011ED900427FBE /* Label.swift in Sources */ = {isa = PBXBuildFile; fileRef = 2C6E7F8022011ED900427FBE /* Label.swift */; };
		2C79CA4021F92E1600FA82EE /* User.swift in Sources */ = {isa = PBXBuildFile; fileRef = 2C79CA3F21F92E1600FA82EE /* User.swift */; };
		2C7DC24B21FE805900BC3F24 /* MKMapView+Extension.swift in Sources */ = {isa = PBXBuildFile; fileRef = 2C7DC24A21FE805900BC3F24 /* MKMapView+Extension.swift */; };
		2C7DC24D21FE8D2800BC3F24 /* Button.swift in Sources */ = {isa = PBXBuildFile; fileRef = 2C7DC24C21FE8D2800BC3F24 /* Button.swift */; };
		2C84B9F92214C22A00BE433B /* Pulsator.swift in Sources */ = {isa = PBXBuildFile; fileRef = 2C84B9F82214C22A00BE433B /* Pulsator.swift */; };
		2C84B9FB2214C83E00BE433B /* MKAnnotationView+Extension.swift in Sources */ = {isa = PBXBuildFile; fileRef = 2C84B9FA2214C83E00BE433B /* MKAnnotationView+Extension.swift */; };
		2C870DD922135C60000F2268 /* MapViewController+Extension.swift in Sources */ = {isa = PBXBuildFile; fileRef = 2C870DD822135C60000F2268 /* MapViewController+Extension.swift */; };
		2C97154A221DE62700B4E49A /* ArenaDetailsViewController.storyboard in Resources */ = {isa = PBXBuildFile; fileRef = 2C971549221DE62700B4E49A /* ArenaDetailsViewController.storyboard */; };
		2C97154C221DE7EB00B4E49A /* ArenaDetailsViewModel.swift in Sources */ = {isa = PBXBuildFile; fileRef = 2C97154B221DE7EB00B4E49A /* ArenaDetailsViewModel.swift */; };
		2C971550221DF09A00B4E49A /* ArenaDetailsRestTimeViewController.storyboard in Resources */ = {isa = PBXBuildFile; fileRef = 2C97154F221DF09A00B4E49A /* ArenaDetailsRestTimeViewController.storyboard */; };
		2C97F76F21F297E900630BA2 /* FirebaseStatusPresentable.swift in Sources */ = {isa = PBXBuildFile; fileRef = 2C97F76E21F297E900630BA2 /* FirebaseStatusPresentable.swift */; };
		2C97F77121F6576500630BA2 /* Model.swift in Sources */ = {isa = PBXBuildFile; fileRef = 2C97F77021F6576500630BA2 /* Model.swift */; };
		2C97F77321F6585900630BA2 /* Double+String+Extension.swift in Sources */ = {isa = PBXBuildFile; fileRef = 2C97F77221F6585900630BA2 /* Double+String+Extension.swift */; };
		2C97F77621F6729700630BA2 /* CustomAnnotationView.swift in Sources */ = {isa = PBXBuildFile; fileRef = 2C97F77521F6729700630BA2 /* CustomAnnotationView.swift */; };
		2C97F77821F672F400630BA2 /* AnnotationView.swift in Sources */ = {isa = PBXBuildFile; fileRef = 2C97F77721F672F400630BA2 /* AnnotationView.swift */; };
		2C97F77D21F6742D00630BA2 /* DetailAnnotationView.xib in Resources */ = {isa = PBXBuildFile; fileRef = 2C97F77A21F6742D00630BA2 /* DetailAnnotationView.xib */; };
		2C97F77E21F6742D00630BA2 /* DetailAnnotationView.swift in Sources */ = {isa = PBXBuildFile; fileRef = 2C97F77B21F6742D00630BA2 /* DetailAnnotationView.swift */; };
		2C97F78121F67AC700630BA2 /* StoryboardViewController.swift in Sources */ = {isa = PBXBuildFile; fileRef = 2C97F77F21F67AC600630BA2 /* StoryboardViewController.swift */; };
		2C97F78221F67AC700630BA2 /* NibView.swift in Sources */ = {isa = PBXBuildFile; fileRef = 2C97F78021F67AC700630BA2 /* NibView.swift */; };
		2C97F78421F67B3700630BA2 /* SubmitQuestViewController.swift in Sources */ = {isa = PBXBuildFile; fileRef = 2C97F78321F67B3700630BA2 /* SubmitQuestViewController.swift */; };
		2C97F78621F67B5C00630BA2 /* SubmitQuestViewController.storyboard in Resources */ = {isa = PBXBuildFile; fileRef = 2C97F78521F67B5C00630BA2 /* SubmitQuestViewController.storyboard */; };
		2C97F78C21F6881A00630BA2 /* SubmitViewController.swift in Sources */ = {isa = PBXBuildFile; fileRef = 2C97F78B21F6881A00630BA2 /* SubmitViewController.swift */; };
		2C97F78E21F6883000630BA2 /* SubmitViewController.storyboard in Resources */ = {isa = PBXBuildFile; fileRef = 2C97F78D21F6883000630BA2 /* SubmitViewController.storyboard */; };
		2CBC09FA227F795400135473 /* MapRegionSetable.swift in Sources */ = {isa = PBXBuildFile; fileRef = 2CBC09F9227F795400135473 /* MapRegionSetable.swift */; };
		2CBC09FC227F7B6100135473 /* GeohashRegisterable.swift in Sources */ = {isa = PBXBuildFile; fileRef = 2CBC09FB227F7B6100135473 /* GeohashRegisterable.swift */; };
		2CBC09FE227F7B8D00135473 /* BottomMenuShowable.swift in Sources */ = {isa = PBXBuildFile; fileRef = 2CBC09FD227F7B8D00135473 /* BottomMenuShowable.swift */; };
		2CBC0A00227F7BEF00135473 /* Constants.swift in Sources */ = {isa = PBXBuildFile; fileRef = 2CBC09FF227F7BEF00135473 /* Constants.swift */; };
		2CBCD8E7221C8E910058D782 /* LoadingViewController.swift in Sources */ = {isa = PBXBuildFile; fileRef = 2CBCD8E6221C8E910058D782 /* LoadingViewController.swift */; };
		2CBCD8E9221C8EA30058D782 /* LoadingViewController.storyboard in Resources */ = {isa = PBXBuildFile; fileRef = 2CBCD8E8221C8EA30058D782 /* LoadingViewController.storyboard */; };
		2CC2EDEC222ADD510087DF6F /* ArenaDetailsParticipantsTableViewController.storyboard in Resources */ = {isa = PBXBuildFile; fileRef = 2CC2EDEB222ADD510087DF6F /* ArenaDetailsParticipantsTableViewController.storyboard */; };
		2CC2EDEE222ADD740087DF6F /* ArenaDetailsParticipantsTableViewController.swift in Sources */ = {isa = PBXBuildFile; fileRef = 2CC2EDED222ADD740087DF6F /* ArenaDetailsParticipantsTableViewController.swift */; };
		2CDFDDDD21ED283000170A46 /* GoogleService-Info.plist in Resources */ = {isa = PBXBuildFile; fileRef = 2CDFDDDC21ED283000170A46 /* GoogleService-Info.plist */; };
		2CDFDDDF21ED2BC100170A46 /* MapViewController.swift in Sources */ = {isa = PBXBuildFile; fileRef = 2CDFDDDE21ED2BC100170A46 /* MapViewController.swift */; };
		2CDFDDE121ED306F00170A46 /* LocationManager.swift in Sources */ = {isa = PBXBuildFile; fileRef = 2CDFDDE021ED306F00170A46 /* LocationManager.swift */; };
		2CDFDDE321ED4A3D00170A46 /* FirebaseConnector.swift in Sources */ = {isa = PBXBuildFile; fileRef = 2CDFDDE221ED4A3D00170A46 /* FirebaseConnector.swift */; };
		2CDFDDE821ED4FFB00170A46 /* Geohash.swift in Sources */ = {isa = PBXBuildFile; fileRef = 2CDFDDE621ED4FFB00170A46 /* Geohash.swift */; };
		2CDFDDE921ED4FFB00170A46 /* GeohashBox.swift in Sources */ = {isa = PBXBuildFile; fileRef = 2CDFDDE721ED4FFB00170A46 /* GeohashBox.swift */; };
		2CF6F99F21EFF71600610BC9 /* PokestopPointAnnotation.swift in Sources */ = {isa = PBXBuildFile; fileRef = 2CF6F99E21EFF71600610BC9 /* PokestopPointAnnotation.swift */; };
		2CF6F9A121F012EB00610BC9 /* MKPolyline+Extension.swift in Sources */ = {isa = PBXBuildFile; fileRef = 2CF6F9A021F012EB00610BC9 /* MKPolyline+Extension.swift */; };
		2CF6F9A321F130C400610BC9 /* GeohashWIndow.swift in Sources */ = {isa = PBXBuildFile; fileRef = 2CF6F9A221F130C400610BC9 /* GeohashWIndow.swift */; };
		2CF6F9A521F259E700610BC9 /* AccountViewController.swift in Sources */ = {isa = PBXBuildFile; fileRef = 2CF6F9A421F259E700610BC9 /* AccountViewController.swift */; };
		2CF6F9A821F2846D00610BC9 /* AppModule.swift in Sources */ = {isa = PBXBuildFile; fileRef = 2CF6F9A721F2846D00610BC9 /* AppModule.swift */; };
		49089D2055385400A8F1C712 /* Pods_PokemonGoTool.framework in Frameworks */ = {isa = PBXBuildFile; fileRef = 85FDB96095CB21653BF580B8 /* Pods_PokemonGoTool.framework */; };
/* End PBXBuildFile section */

/* Begin PBXFileReference section */
		035A836A2232D3B200658841 /* ArenaDetailsParticipantsOverviewViewController.swift */ = {isa = PBXFileReference; lastKnownFileType = sourcecode.swift; path = ArenaDetailsParticipantsOverviewViewController.swift; sourceTree = "<group>"; };
		035A836C2232D3D000658841 /* ArenaDetailsParticipantsOverviewViewController.storyboard */ = {isa = PBXFileReference; lastKnownFileType = file.storyboard; path = ArenaDetailsParticipantsOverviewViewController.storyboard; sourceTree = "<group>"; };
		0364D57E2245089F00DA0508 /* ArenaDetailsMeetupTimeViewController.swift */ = {isa = PBXFileReference; lastKnownFileType = sourcecode.swift; path = ArenaDetailsMeetupTimeViewController.swift; sourceTree = "<group>"; };
		0364D580224508AD00DA0508 /* ArenaDetailsMeetupTimeViewController.storyboard */ = {isa = PBXFileReference; lastKnownFileType = file.storyboard; path = ArenaDetailsMeetupTimeViewController.storyboard; sourceTree = "<group>"; };
		0379FC20223A5F4700A2D1C0 /* ChatViewController.swift */ = {isa = PBXFileReference; lastKnownFileType = sourcecode.swift; path = ChatViewController.swift; sourceTree = "<group>"; };
		0379FC22223A5F5F00A2D1C0 /* ArenaDetailsViewController.swift */ = {isa = PBXFileReference; fileEncoding = 4; lastKnownFileType = sourcecode.swift; path = ArenaDetailsViewController.swift; sourceTree = "<group>"; };
		0379FC24223A660200A2D1C0 /* ChatViewController.storyboard */ = {isa = PBXFileReference; lastKnownFileType = file.storyboard; path = ChatViewController.storyboard; sourceTree = "<group>"; };
		2C03085A222B3DF9007A1EA0 /* ArenaDetailsRestTimeViewController.swift */ = {isa = PBXFileReference; fileEncoding = 4; lastKnownFileType = sourcecode.swift; path = ArenaDetailsRestTimeViewController.swift; sourceTree = "<group>"; };
		2C03085C222B4098007A1EA0 /* ArenaDetailsHeaderViewController.storyboard */ = {isa = PBXFileReference; lastKnownFileType = file.storyboard; path = ArenaDetailsHeaderViewController.storyboard; sourceTree = "<group>"; };
		2C03085E222B40AF007A1EA0 /* ArenaDetailsHeaderViewController.swift */ = {isa = PBXFileReference; lastKnownFileType = sourcecode.swift; path = ArenaDetailsHeaderViewController.swift; sourceTree = "<group>"; };
		2C030862222B5A38007A1EA0 /* FirebaseTestData.swift */ = {isa = PBXFileReference; lastKnownFileType = sourcecode.swift; path = FirebaseTestData.swift; sourceTree = "<group>"; };
		2C030866222C85B2007A1EA0 /* ArenaDetailsInfoViewController.swift */ = {isa = PBXFileReference; lastKnownFileType = sourcecode.swift; path = ArenaDetailsInfoViewController.swift; sourceTree = "<group>"; };
		2C030868222C85EB007A1EA0 /* ArenaDetailsInfoViewController.storyboard */ = {isa = PBXFileReference; lastKnownFileType = file.storyboard; path = ArenaDetailsInfoViewController.storyboard; sourceTree = "<group>"; };
		2C0733572279BA6000C45028 /* CircleButton.swift */ = {isa = PBXFileReference; lastKnownFileType = sourcecode.swift; path = CircleButton.swift; sourceTree = "<group>"; };
		2C073359227B670300C45028 /* NotificationBannerManager.swift */ = {isa = PBXFileReference; lastKnownFileType = sourcecode.swift; path = NotificationBannerManager.swift; sourceTree = "<group>"; };
		2C0B5B6E2255387500620F4A /* AccountTeamAndLevelViewController.storyboard */ = {isa = PBXFileReference; lastKnownFileType = file.storyboard; path = AccountTeamAndLevelViewController.storyboard; sourceTree = "<group>"; };
		2C0B5B702255399300620F4A /* AccountTeamAndLevelViewController.swift */ = {isa = PBXFileReference; lastKnownFileType = sourcecode.swift; path = AccountTeamAndLevelViewController.swift; sourceTree = "<group>"; };
		2C0B5B7222553B2500620F4A /* AccountViewModel.swift */ = {isa = PBXFileReference; lastKnownFileType = sourcecode.swift; path = AccountViewModel.swift; sourceTree = "<group>"; };
		2C0B5B742255408800620F4A /* AccountInputViewController.swift */ = {isa = PBXFileReference; lastKnownFileType = sourcecode.swift; path = AccountInputViewController.swift; sourceTree = "<group>"; };
		2C0B5B76225540A100620F4A /* AccountInputViewController.storyboard */ = {isa = PBXFileReference; lastKnownFileType = file.storyboard; path = AccountInputViewController.storyboard; sourceTree = "<group>"; };
		2C0B5B7E2258D87A00620F4A /* AccountOverviewViewController.swift */ = {isa = PBXFileReference; lastKnownFileType = sourcecode.swift; path = AccountOverviewViewController.swift; sourceTree = "<group>"; };
		2C0B5B802258D88D00620F4A /* AccountOverviewViewController.storyboard */ = {isa = PBXFileReference; lastKnownFileType = file.storyboard; path = AccountOverviewViewController.storyboard; sourceTree = "<group>"; };
		2C19769B21ED266900091F8C /* PokemonGoTool.app */ = {isa = PBXFileReference; explicitFileType = wrapper.application; includeInIndex = 0; path = PokemonGoTool.app; sourceTree = BUILT_PRODUCTS_DIR; };
		2C19769E21ED266900091F8C /* AppDelegate.swift */ = {isa = PBXFileReference; lastKnownFileType = sourcecode.swift; path = AppDelegate.swift; sourceTree = "<group>"; };
		2C1976A521ED266B00091F8C /* Assets.xcassets */ = {isa = PBXFileReference; lastKnownFileType = folder.assetcatalog; path = Assets.xcassets; sourceTree = "<group>"; };
		2C1976A821ED266B00091F8C /* Base */ = {isa = PBXFileReference; lastKnownFileType = file.storyboard; name = Base; path = Base.lproj/LaunchScreen.storyboard; sourceTree = "<group>"; };
		2C1976AA21ED266B00091F8C /* Info.plist */ = {isa = PBXFileReference; lastKnownFileType = text.plist.xml; path = Info.plist; sourceTree = "<group>"; };
		2C1AE56A225BFEE800AE9C4A /* AccountSignUpViewController.swift */ = {isa = PBXFileReference; lastKnownFileType = sourcecode.swift; path = AccountSignUpViewController.swift; sourceTree = "<group>"; };
		2C1AE56C225BFF0600AE9C4A /* AccountSignUpViewController.storyboard */ = {isa = PBXFileReference; lastKnownFileType = file.storyboard; path = AccountSignUpViewController.storyboard; sourceTree = "<group>"; };
		2C1AE56E225D198800AE9C4A /* SignUpViewModel.swift */ = {isa = PBXFileReference; lastKnownFileType = sourcecode.swift; path = SignUpViewModel.swift; sourceTree = "<group>"; };
		2C1AE570225E884200AE9C4A /* AccountWelcomeViewController.swift */ = {isa = PBXFileReference; lastKnownFileType = sourcecode.swift; path = AccountWelcomeViewController.swift; sourceTree = "<group>"; };
		2C1AE572225E885900AE9C4A /* AccountWelcomeViewController.storyboard */ = {isa = PBXFileReference; lastKnownFileType = file.storyboard; path = AccountWelcomeViewController.storyboard; sourceTree = "<group>"; };
		2C1AE574225FBB0000AE9C4A /* PokestopQuestViewController.swift */ = {isa = PBXFileReference; lastKnownFileType = sourcecode.swift; path = PokestopQuestViewController.swift; sourceTree = "<group>"; };
		2C1AE576225FBB0C00AE9C4A /* PokestopQuestViewController.storyboard */ = {isa = PBXFileReference; lastKnownFileType = file.storyboard; path = PokestopQuestViewController.storyboard; sourceTree = "<group>"; };
		2C1AE578225FD05700AE9C4A /* PokestopInfoViewController.swift */ = {isa = PBXFileReference; lastKnownFileType = sourcecode.swift; path = PokestopInfoViewController.swift; sourceTree = "<group>"; };
		2C1AE57A225FD06100AE9C4A /* PokestopInfoViewController.storyboard */ = {isa = PBXFileReference; lastKnownFileType = file.storyboard; path = PokestopInfoViewController.storyboard; sourceTree = "<group>"; };
		2C1AE57C225FF6DF00AE9C4A /* StackView.swift */ = {isa = PBXFileReference; fileEncoding = 4; lastKnownFileType = sourcecode.swift; path = StackView.swift; sourceTree = "<group>"; };
		2C1AE57E22637B5F00AE9C4A /* MapFilterViewController.swift */ = {isa = PBXFileReference; lastKnownFileType = sourcecode.swift; path = MapFilterViewController.swift; sourceTree = "<group>"; };
		2C1AE58022637BD100AE9C4A /* MapFilterViewController.storyboard */ = {isa = PBXFileReference; lastKnownFileType = file.storyboard; path = MapFilterViewController.storyboard; sourceTree = "<group>"; };
		2C1AE58222638CD500AE9C4A /* MapFilterViewModel.swift */ = {isa = PBXFileReference; lastKnownFileType = sourcecode.swift; path = MapFilterViewModel.swift; sourceTree = "<group>"; };
		2C1AE5852263CC6F00AE9C4A /* Settings.swift */ = {isa = PBXFileReference; lastKnownFileType = sourcecode.swift; path = Settings.swift; sourceTree = "<group>"; };
		2C1AE587226B97CA00AE9C4A /* AccountMedalViewController.swift */ = {isa = PBXFileReference; lastKnownFileType = sourcecode.swift; path = AccountMedalViewController.swift; sourceTree = "<group>"; };
		2C1AE58B226B97EC00AE9C4A /* AccountMedalViewController.storyboard */ = {isa = PBXFileReference; lastKnownFileType = file.storyboard; path = AccountMedalViewController.storyboard; sourceTree = "<group>"; };
		2C2E98422291EEB3001ED8C6 /* ArenaDetailsUserParticipatesViewController.swift */ = {isa = PBXFileReference; lastKnownFileType = sourcecode.swift; path = ArenaDetailsUserParticipatesViewController.swift; sourceTree = "<group>"; };
		2C2E98442291EEE4001ED8C6 /* ArenaDetailsUserParticipatesViewController.storyboard */ = {isa = PBXFileReference; lastKnownFileType = file.storyboard; path = ArenaDetailsUserParticipatesViewController.storyboard; sourceTree = "<group>"; };
		2C2E98462291F43D001ED8C6 /* ArenaDetailsGoldArenaSwitchViewController.swift */ = {isa = PBXFileReference; lastKnownFileType = sourcecode.swift; path = ArenaDetailsGoldArenaSwitchViewController.swift; sourceTree = "<group>"; };
		2C2E98482291F448001ED8C6 /* ArenaDetailsGoldArenaSwitchViewController.storyboard */ = {isa = PBXFileReference; lastKnownFileType = file.storyboard; path = ArenaDetailsGoldArenaSwitchViewController.storyboard; sourceTree = "<group>"; };
		2C2E984A22948F8A001ED8C6 /* RaidBossManager.swift */ = {isa = PBXFileReference; lastKnownFileType = sourcecode.swift; path = RaidBossManager.swift; sourceTree = "<group>"; };
		2C2FB5742219A4C2009CCEF8 /* CountClusterAnnotationView.swift */ = {isa = PBXFileReference; fileEncoding = 4; lastKnownFileType = sourcecode.swift; path = CountClusterAnnotationView.swift; sourceTree = "<group>"; };
		2C348BAF220639D100F6A1F7 /* RaidBossCollectionViewController.storyboard */ = {isa = PBXFileReference; lastKnownFileType = file.storyboard; path = RaidBossCollectionViewController.storyboard; sourceTree = "<group>"; };
		2C348BB22207394100F6A1F7 /* ITunesFileSharingManager.swift */ = {isa = PBXFileReference; lastKnownFileType = sourcecode.swift; path = ITunesFileSharingManager.swift; sourceTree = "<group>"; };
		2C348BB42207424D00F6A1F7 /* RaidBossCollectionViewController.swift */ = {isa = PBXFileReference; fileEncoding = 4; lastKnownFileType = sourcecode.swift; path = RaidBossCollectionViewController.swift; sourceTree = "<group>"; };
		2C34F19D220A173300B3B99C /* PushManager.swift */ = {isa = PBXFileReference; lastKnownFileType = sourcecode.swift; path = PushManager.swift; sourceTree = "<group>"; };
		2C34F1A3220A4C7C00B3B99C /* UIImage+Extension.swift */ = {isa = PBXFileReference; lastKnownFileType = sourcecode.swift; path = "UIImage+Extension.swift"; sourceTree = "<group>"; };
		2C34F1A7220B720C00B3B99C /* ButtonsStackViewController.swift */ = {isa = PBXFileReference; lastKnownFileType = sourcecode.swift; path = ButtonsStackViewController.swift; sourceTree = "<group>"; };
		2C34F1A9220B737E00B3B99C /* ButtonsStackViewController.storyboard */ = {isa = PBXFileReference; lastKnownFileType = file.storyboard; path = ButtonsStackViewController.storyboard; sourceTree = "<group>"; };
		2C34F1AB220B990600B3B99C /* UIButton+Extension.swift */ = {isa = PBXFileReference; lastKnownFileType = sourcecode.swift; path = "UIButton+Extension.swift"; sourceTree = "<group>"; };
		2C34F1D9220E5CD400B3B99C /* UIColor+Extension.swift */ = {isa = PBXFileReference; fileEncoding = 4; lastKnownFileType = sourcecode.swift; path = "UIColor+Extension.swift"; sourceTree = "<group>"; };
		2C34F1DB220F10C300B3B99C /* MapTypeSwitchable.swift */ = {isa = PBXFileReference; lastKnownFileType = sourcecode.swift; path = MapTypeSwitchable.swift; sourceTree = "<group>"; };
		2C34F1E4221092D100B3B99C /* PokestopDetailsViewController.swift */ = {isa = PBXFileReference; lastKnownFileType = sourcecode.swift; path = PokestopDetailsViewController.swift; sourceTree = "<group>"; };
		2C34F1E62210933700B3B99C /* PokestopDetailsViewController.storyboard */ = {isa = PBXFileReference; lastKnownFileType = file.storyboard; path = PokestopDetailsViewController.storyboard; sourceTree = "<group>"; };
		2C34F1E8221206A000B3B99C /* PokestopDetailsViewModel.swift */ = {isa = PBXFileReference; lastKnownFileType = sourcecode.swift; path = PokestopDetailsViewModel.swift; sourceTree = "<group>"; };
		2C395A1322012C8E005330B8 /* SubmitRaidDetailsViewController.storyboard */ = {isa = PBXFileReference; lastKnownFileType = file.storyboard; path = SubmitRaidDetailsViewController.storyboard; sourceTree = "<group>"; };
		2C395A1522012CC4005330B8 /* SubmitRaidDetailsViewController.swift */ = {isa = PBXFileReference; lastKnownFileType = sourcecode.swift; path = SubmitRaidDetailsViewController.swift; sourceTree = "<group>"; };
		2C395A17220248A1005330B8 /* Coordinator.swift */ = {isa = PBXFileReference; lastKnownFileType = sourcecode.swift; path = Coordinator.swift; sourceTree = "<group>"; };
		2C395A1922024A7F005330B8 /* MainCoordinator.swift */ = {isa = PBXFileReference; lastKnownFileType = sourcecode.swift; path = MainCoordinator.swift; sourceTree = "<group>"; };
		2C395A1C22024F40005330B8 /* MapViewController.storyboard */ = {isa = PBXFileReference; fileEncoding = 4; lastKnownFileType = file.storyboard; path = MapViewController.storyboard; sourceTree = "<group>"; };
		2C395A1E22025100005330B8 /* AccountViewController.storyboard */ = {isa = PBXFileReference; fileEncoding = 4; lastKnownFileType = file.storyboard; path = AccountViewController.storyboard; sourceTree = "<group>"; };
		2C395A2222025329005330B8 /* SubmitCheckViewController.storyboard */ = {isa = PBXFileReference; fileEncoding = 4; lastKnownFileType = file.storyboard; path = SubmitCheckViewController.storyboard; sourceTree = "<group>"; };
		2C395A24220253DD005330B8 /* SubmitNameViewController.storyboard */ = {isa = PBXFileReference; fileEncoding = 4; lastKnownFileType = file.storyboard; path = SubmitNameViewController.storyboard; sourceTree = "<group>"; };
		2C395A2B22025708005330B8 /* ViewModel.swift */ = {isa = PBXFileReference; lastKnownFileType = sourcecode.swift; path = ViewModel.swift; sourceTree = "<group>"; };
		2C395A2F22026598005330B8 /* NavigationController.swift */ = {isa = PBXFileReference; lastKnownFileType = sourcecode.swift; path = NavigationController.swift; sourceTree = "<group>"; };
		2C395A332203934C005330B8 /* RaidLevelViewController.swift */ = {isa = PBXFileReference; lastKnownFileType = sourcecode.swift; path = RaidLevelViewController.swift; sourceTree = "<group>"; };
		2C395A3522039358005330B8 /* RaidLevelViewController.storyboard */ = {isa = PBXFileReference; lastKnownFileType = file.storyboard; path = RaidLevelViewController.storyboard; sourceTree = "<group>"; };
		2C395A3D2203A2A2005330B8 /* RaidAlreadyRunningSwitchViewController.storyboard */ = {isa = PBXFileReference; lastKnownFileType = file.storyboard; path = RaidAlreadyRunningSwitchViewController.storyboard; sourceTree = "<group>"; };
		2C395A3F2203B210005330B8 /* RaidHatchTimePickerViewController.storyboard */ = {isa = PBXFileReference; lastKnownFileType = file.storyboard; path = RaidHatchTimePickerViewController.storyboard; sourceTree = "<group>"; };
		2C395A412203D393005330B8 /* SubmitRaidViewModel.swift */ = {isa = PBXFileReference; lastKnownFileType = sourcecode.swift; path = SubmitRaidViewModel.swift; sourceTree = "<group>"; };
		2C395A482204C110005330B8 /* UIStackView+Extension.swift */ = {isa = PBXFileReference; lastKnownFileType = sourcecode.swift; path = "UIStackView+Extension.swift"; sourceTree = "<group>"; };
		2C395A4A2205FA37005330B8 /* RaidHatchTimePickerViewController.swift */ = {isa = PBXFileReference; fileEncoding = 4; lastKnownFileType = sourcecode.swift; path = RaidHatchTimePickerViewController.swift; sourceTree = "<group>"; };
		2C395A4C2205FA4B005330B8 /* RaidMeetupTimePickerViewController.storyboard */ = {isa = PBXFileReference; lastKnownFileType = file.storyboard; path = RaidMeetupTimePickerViewController.storyboard; sourceTree = "<group>"; };
		2C395A4D2205FA4B005330B8 /* RaidMeetupTimePickerViewController.swift */ = {isa = PBXFileReference; lastKnownFileType = sourcecode.swift; path = RaidMeetupTimePickerViewController.swift; sourceTree = "<group>"; };
		2C395A502205FCA3005330B8 /* RaidAlreadyRunningSwitchViewController.swift */ = {isa = PBXFileReference; fileEncoding = 4; lastKnownFileType = sourcecode.swift; path = RaidAlreadyRunningSwitchViewController.swift; sourceTree = "<group>"; };
		2C395A522205FCCA005330B8 /* RaidUserParticipateSwitchViewController.swift */ = {isa = PBXFileReference; lastKnownFileType = sourcecode.swift; path = RaidUserParticipateSwitchViewController.swift; sourceTree = "<group>"; };
		2C395A532205FCCB005330B8 /* RaidUserParticipateSwitchViewController.storyboard */ = {isa = PBXFileReference; lastKnownFileType = file.storyboard; path = RaidUserParticipateSwitchViewController.storyboard; sourceTree = "<group>"; };
		2C395A56220603E4005330B8 /* RaidTimeLeftPickerViewController.storyboard */ = {isa = PBXFileReference; lastKnownFileType = file.storyboard; path = RaidTimeLeftPickerViewController.storyboard; sourceTree = "<group>"; };
		2C395A57220603E4005330B8 /* RaidTimeLeftPickerViewController.swift */ = {isa = PBXFileReference; lastKnownFileType = sourcecode.swift; path = RaidTimeLeftPickerViewController.swift; sourceTree = "<group>"; };
		2C395A5A22060E9D005330B8 /* SeparatorView.xib */ = {isa = PBXFileReference; lastKnownFileType = file.xib; path = SeparatorView.xib; sourceTree = "<group>"; };
		2C395A5C22060EF7005330B8 /* SeparatorView.swift */ = {isa = PBXFileReference; lastKnownFileType = sourcecode.swift; path = SeparatorView.swift; sourceTree = "<group>"; };
		2C44EAAC21FA73E40029527C /* UIViewController+Extensions.swift */ = {isa = PBXFileReference; lastKnownFileType = sourcecode.swift; path = "UIViewController+Extensions.swift"; sourceTree = "<group>"; };
		2C44EAAE21FA7CDB0029527C /* ArenaPointAnnotation.swift */ = {isa = PBXFileReference; lastKnownFileType = sourcecode.swift; path = ArenaPointAnnotation.swift; sourceTree = "<group>"; };
		2C44EAB021FCA0B10029527C /* Array+Extension.swift */ = {isa = PBXFileReference; lastKnownFileType = sourcecode.swift; path = "Array+Extension.swift"; sourceTree = "<group>"; };
		2C44EAB221FCC45C0029527C /* MapRectUtility.swift */ = {isa = PBXFileReference; fileEncoding = 4; lastKnownFileType = sourcecode.swift; path = MapRectUtility.swift; sourceTree = "<group>"; };
		2C496D40226E05E700E668F1 /* AccountMedalViewModel.swift */ = {isa = PBXFileReference; lastKnownFileType = sourcecode.swift; path = AccountMedalViewModel.swift; sourceTree = "<group>"; };
		2C5DAA3D226FB6AF00252AC8 /* FirebaseDefines.swift */ = {isa = PBXFileReference; lastKnownFileType = sourcecode.swift; path = FirebaseDefines.swift; sourceTree = "<group>"; };
		2C5E5704227778B9002E00B0 /* PoiSubmissable.swift */ = {isa = PBXFileReference; lastKnownFileType = sourcecode.swift; path = PoiSubmissable.swift; sourceTree = "<group>"; };
		2C6E7F7121FF893F00427FBE /* SubmitNameViewController.swift */ = {isa = PBXFileReference; lastKnownFileType = sourcecode.swift; path = SubmitNameViewController.swift; sourceTree = "<group>"; };
		2C6E7F7321FF8DD500427FBE /* SubmitMapViewController.swift */ = {isa = PBXFileReference; lastKnownFileType = sourcecode.swift; path = SubmitMapViewController.swift; sourceTree = "<group>"; };
		2C6E7F7521FF8EBA00427FBE /* SubmitCheckViewController.swift */ = {isa = PBXFileReference; lastKnownFileType = sourcecode.swift; path = SubmitCheckViewController.swift; sourceTree = "<group>"; };
		2C6E7F7721FFD41900427FBE /* SubmitViewModel.swift */ = {isa = PBXFileReference; lastKnownFileType = sourcecode.swift; path = SubmitViewModel.swift; sourceTree = "<group>"; };
		2C6E7F792201103500427FBE /* ScrollableViewController.swift */ = {isa = PBXFileReference; lastKnownFileType = sourcecode.swift; path = ScrollableViewController.swift; sourceTree = "<group>"; };
		2C6E7F7B220110C200427FBE /* UIView+Extension.swift */ = {isa = PBXFileReference; lastKnownFileType = sourcecode.swift; path = "UIView+Extension.swift"; sourceTree = "<group>"; };
		2C6E7F8022011ED900427FBE /* Label.swift */ = {isa = PBXFileReference; lastKnownFileType = sourcecode.swift; path = Label.swift; sourceTree = "<group>"; };
		2C79CA3F21F92E1600FA82EE /* User.swift */ = {isa = PBXFileReference; lastKnownFileType = sourcecode.swift; path = User.swift; sourceTree = "<group>"; };
		2C7DC24A21FE805900BC3F24 /* MKMapView+Extension.swift */ = {isa = PBXFileReference; lastKnownFileType = sourcecode.swift; path = "MKMapView+Extension.swift"; sourceTree = "<group>"; };
		2C7DC24C21FE8D2800BC3F24 /* Button.swift */ = {isa = PBXFileReference; lastKnownFileType = sourcecode.swift; path = Button.swift; sourceTree = "<group>"; };
		2C84B9F82214C22A00BE433B /* Pulsator.swift */ = {isa = PBXFileReference; fileEncoding = 4; lastKnownFileType = sourcecode.swift; path = Pulsator.swift; sourceTree = "<group>"; };
		2C84B9FA2214C83E00BE433B /* MKAnnotationView+Extension.swift */ = {isa = PBXFileReference; lastKnownFileType = sourcecode.swift; path = "MKAnnotationView+Extension.swift"; sourceTree = "<group>"; };
		2C870DD822135C60000F2268 /* MapViewController+Extension.swift */ = {isa = PBXFileReference; lastKnownFileType = sourcecode.swift; path = "MapViewController+Extension.swift"; sourceTree = "<group>"; };
		2C971549221DE62700B4E49A /* ArenaDetailsViewController.storyboard */ = {isa = PBXFileReference; lastKnownFileType = file.storyboard; path = ArenaDetailsViewController.storyboard; sourceTree = "<group>"; };
		2C97154B221DE7EB00B4E49A /* ArenaDetailsViewModel.swift */ = {isa = PBXFileReference; lastKnownFileType = sourcecode.swift; path = ArenaDetailsViewModel.swift; sourceTree = "<group>"; };
		2C97154F221DF09A00B4E49A /* ArenaDetailsRestTimeViewController.storyboard */ = {isa = PBXFileReference; lastKnownFileType = file.storyboard; path = ArenaDetailsRestTimeViewController.storyboard; sourceTree = "<group>"; };
		2C971551221F6CB600B4E49A /* de */ = {isa = PBXFileReference; lastKnownFileType = text.plist.strings; name = de; path = de.lproj/LaunchScreen.strings; sourceTree = "<group>"; };
		2C97F76E21F297E900630BA2 /* FirebaseStatusPresentable.swift */ = {isa = PBXFileReference; lastKnownFileType = sourcecode.swift; path = FirebaseStatusPresentable.swift; sourceTree = "<group>"; };
		2C97F77021F6576500630BA2 /* Model.swift */ = {isa = PBXFileReference; lastKnownFileType = sourcecode.swift; path = Model.swift; sourceTree = "<group>"; };
		2C97F77221F6585900630BA2 /* Double+String+Extension.swift */ = {isa = PBXFileReference; lastKnownFileType = sourcecode.swift; path = "Double+String+Extension.swift"; sourceTree = "<group>"; };
		2C97F77521F6729700630BA2 /* CustomAnnotationView.swift */ = {isa = PBXFileReference; fileEncoding = 4; lastKnownFileType = sourcecode.swift; path = CustomAnnotationView.swift; sourceTree = "<group>"; };
		2C97F77721F672F400630BA2 /* AnnotationView.swift */ = {isa = PBXFileReference; fileEncoding = 4; lastKnownFileType = sourcecode.swift; path = AnnotationView.swift; sourceTree = "<group>"; };
		2C97F77A21F6742D00630BA2 /* DetailAnnotationView.xib */ = {isa = PBXFileReference; fileEncoding = 4; lastKnownFileType = file.xib; path = DetailAnnotationView.xib; sourceTree = "<group>"; };
		2C97F77B21F6742D00630BA2 /* DetailAnnotationView.swift */ = {isa = PBXFileReference; fileEncoding = 4; lastKnownFileType = sourcecode.swift; path = DetailAnnotationView.swift; sourceTree = "<group>"; };
		2C97F77F21F67AC600630BA2 /* StoryboardViewController.swift */ = {isa = PBXFileReference; fileEncoding = 4; lastKnownFileType = sourcecode.swift; path = StoryboardViewController.swift; sourceTree = "<group>"; };
		2C97F78021F67AC700630BA2 /* NibView.swift */ = {isa = PBXFileReference; fileEncoding = 4; lastKnownFileType = sourcecode.swift; path = NibView.swift; sourceTree = "<group>"; };
		2C97F78321F67B3700630BA2 /* SubmitQuestViewController.swift */ = {isa = PBXFileReference; lastKnownFileType = sourcecode.swift; path = SubmitQuestViewController.swift; sourceTree = "<group>"; };
		2C97F78521F67B5C00630BA2 /* SubmitQuestViewController.storyboard */ = {isa = PBXFileReference; lastKnownFileType = file.storyboard; path = SubmitQuestViewController.storyboard; sourceTree = "<group>"; };
		2C97F78B21F6881A00630BA2 /* SubmitViewController.swift */ = {isa = PBXFileReference; lastKnownFileType = sourcecode.swift; path = SubmitViewController.swift; sourceTree = "<group>"; };
		2C97F78D21F6883000630BA2 /* SubmitViewController.storyboard */ = {isa = PBXFileReference; lastKnownFileType = file.storyboard; path = SubmitViewController.storyboard; sourceTree = "<group>"; };
		2CBC09F9227F795400135473 /* MapRegionSetable.swift */ = {isa = PBXFileReference; lastKnownFileType = sourcecode.swift; path = MapRegionSetable.swift; sourceTree = "<group>"; };
		2CBC09FB227F7B6100135473 /* GeohashRegisterable.swift */ = {isa = PBXFileReference; lastKnownFileType = sourcecode.swift; path = GeohashRegisterable.swift; sourceTree = "<group>"; };
		2CBC09FD227F7B8D00135473 /* BottomMenuShowable.swift */ = {isa = PBXFileReference; lastKnownFileType = sourcecode.swift; path = BottomMenuShowable.swift; sourceTree = "<group>"; };
		2CBC09FF227F7BEF00135473 /* Constants.swift */ = {isa = PBXFileReference; lastKnownFileType = sourcecode.swift; path = Constants.swift; sourceTree = "<group>"; };
		2CBCD8E6221C8E910058D782 /* LoadingViewController.swift */ = {isa = PBXFileReference; lastKnownFileType = sourcecode.swift; path = LoadingViewController.swift; sourceTree = "<group>"; };
		2CBCD8E8221C8EA30058D782 /* LoadingViewController.storyboard */ = {isa = PBXFileReference; lastKnownFileType = file.storyboard; path = LoadingViewController.storyboard; sourceTree = "<group>"; };
		2CC2EDEB222ADD510087DF6F /* ArenaDetailsParticipantsTableViewController.storyboard */ = {isa = PBXFileReference; lastKnownFileType = file.storyboard; path = ArenaDetailsParticipantsTableViewController.storyboard; sourceTree = "<group>"; };
		2CC2EDED222ADD740087DF6F /* ArenaDetailsParticipantsTableViewController.swift */ = {isa = PBXFileReference; lastKnownFileType = sourcecode.swift; path = ArenaDetailsParticipantsTableViewController.swift; sourceTree = "<group>"; };
		2CDFDDDC21ED283000170A46 /* GoogleService-Info.plist */ = {isa = PBXFileReference; fileEncoding = 4; lastKnownFileType = text.plist.xml; path = "GoogleService-Info.plist"; sourceTree = "<group>"; };
		2CDFDDDE21ED2BC100170A46 /* MapViewController.swift */ = {isa = PBXFileReference; lastKnownFileType = sourcecode.swift; path = MapViewController.swift; sourceTree = "<group>"; };
		2CDFDDE021ED306F00170A46 /* LocationManager.swift */ = {isa = PBXFileReference; lastKnownFileType = sourcecode.swift; path = LocationManager.swift; sourceTree = "<group>"; };
		2CDFDDE221ED4A3D00170A46 /* FirebaseConnector.swift */ = {isa = PBXFileReference; lastKnownFileType = sourcecode.swift; path = FirebaseConnector.swift; sourceTree = "<group>"; };
		2CDFDDE621ED4FFB00170A46 /* Geohash.swift */ = {isa = PBXFileReference; fileEncoding = 4; lastKnownFileType = sourcecode.swift; path = Geohash.swift; sourceTree = "<group>"; };
		2CDFDDE721ED4FFB00170A46 /* GeohashBox.swift */ = {isa = PBXFileReference; fileEncoding = 4; lastKnownFileType = sourcecode.swift; path = GeohashBox.swift; sourceTree = "<group>"; };
		2CF6F99E21EFF71600610BC9 /* PokestopPointAnnotation.swift */ = {isa = PBXFileReference; lastKnownFileType = sourcecode.swift; path = PokestopPointAnnotation.swift; sourceTree = "<group>"; };
		2CF6F9A021F012EB00610BC9 /* MKPolyline+Extension.swift */ = {isa = PBXFileReference; lastKnownFileType = sourcecode.swift; path = "MKPolyline+Extension.swift"; sourceTree = "<group>"; };
		2CF6F9A221F130C400610BC9 /* GeohashWIndow.swift */ = {isa = PBXFileReference; lastKnownFileType = sourcecode.swift; path = GeohashWIndow.swift; sourceTree = "<group>"; };
		2CF6F9A421F259E700610BC9 /* AccountViewController.swift */ = {isa = PBXFileReference; lastKnownFileType = sourcecode.swift; path = AccountViewController.swift; sourceTree = "<group>"; };
		2CF6F9A621F25C9800610BC9 /* PokemonGoTool.entitlements */ = {isa = PBXFileReference; lastKnownFileType = text.plist.entitlements; path = PokemonGoTool.entitlements; sourceTree = "<group>"; };
		2CF6F9A721F2846D00610BC9 /* AppModule.swift */ = {isa = PBXFileReference; lastKnownFileType = sourcecode.swift; path = AppModule.swift; sourceTree = "<group>"; };
		85FDB96095CB21653BF580B8 /* Pods_PokemonGoTool.framework */ = {isa = PBXFileReference; explicitFileType = wrapper.framework; includeInIndex = 0; path = Pods_PokemonGoTool.framework; sourceTree = BUILT_PRODUCTS_DIR; };
		BD8D17068DFD218CB12B0034 /* Pods-PokemonGoTool.release.xcconfig */ = {isa = PBXFileReference; includeInIndex = 1; lastKnownFileType = text.xcconfig; name = "Pods-PokemonGoTool.release.xcconfig"; path = "Pods/Target Support Files/Pods-PokemonGoTool/Pods-PokemonGoTool.release.xcconfig"; sourceTree = "<group>"; };
		FFADD158951324AC77E484BA /* Pods-PokemonGoTool.debug.xcconfig */ = {isa = PBXFileReference; includeInIndex = 1; lastKnownFileType = text.xcconfig; name = "Pods-PokemonGoTool.debug.xcconfig"; path = "Pods/Target Support Files/Pods-PokemonGoTool/Pods-PokemonGoTool.debug.xcconfig"; sourceTree = "<group>"; };
/* End PBXFileReference section */

/* Begin PBXFrameworksBuildPhase section */
		2C19769821ED266900091F8C /* Frameworks */ = {
			isa = PBXFrameworksBuildPhase;
			buildActionMask = 2147483647;
			files = (
				49089D2055385400A8F1C712 /* Pods_PokemonGoTool.framework in Frameworks */,
			);
			runOnlyForDeploymentPostprocessing = 0;
		};
/* End PBXFrameworksBuildPhase section */

/* Begin PBXGroup section */
		2C07335B227BA53900C45028 /* Managers */ = {
			isa = PBXGroup;
			children = (
				2C348BB22207394100F6A1F7 /* ITunesFileSharingManager.swift */,
				2C34F19D220A173300B3B99C /* PushManager.swift */,
				2C073359227B670300C45028 /* NotificationBannerManager.swift */,
				2C2E984A22948F8A001ED8C6 /* RaidBossManager.swift */,
				2CDFDDE021ED306F00170A46 /* LocationManager.swift */,
			);
			path = Managers;
			sourceTree = "<group>";
		};
		2C19769221ED266900091F8C = {
			isa = PBXGroup;
			children = (
				2C19769D21ED266900091F8C /* PokemonGoTool */,
				2C19769C21ED266900091F8C /* Products */,
				343F3E850971499C3D289673 /* Pods */,
				9F247A602ECC6BF79D26CD78 /* Frameworks */,
			);
			sourceTree = "<group>";
		};
		2C19769C21ED266900091F8C /* Products */ = {
			isa = PBXGroup;
			children = (
				2C19769B21ED266900091F8C /* PokemonGoTool.app */,
			);
			name = Products;
			sourceTree = "<group>";
		};
		2C19769D21ED266900091F8C /* PokemonGoTool */ = {
			isa = PBXGroup;
			children = (
				2CF6F9A621F25C9800610BC9 /* PokemonGoTool.entitlements */,
				2C19769E21ED266900091F8C /* AppDelegate.swift */,
				2CF6F9A721F2846D00610BC9 /* AppModule.swift */,
				2C1AE5852263CC6F00AE9C4A /* Settings.swift */,
				2CBCD8E6221C8E910058D782 /* LoadingViewController.swift */,
				2CBCD8E8221C8EA30058D782 /* LoadingViewController.storyboard */,
				2CBC09FF227F7BEF00135473 /* Constants.swift */,
				2C07335B227BA53900C45028 /* Managers */,
				2C395A212202512E005330B8 /* Coordinator */,
				2C395A2022025122005330B8 /* Map */,
				2C97F78721F67D2F00630BA2 /* Submit */,
				2C34F1DD220F133100B3B99C /* Details */,
				2C97F78821F67D3E00630BA2 /* Account */,
				2C97F78A21F67D6D00630BA2 /* Firebase */,
				2C97F78921F67D4F00630BA2 /* Annotations */,
				2C97F77421F66CD900630BA2 /* Extensions */,
				2C6E7F8222011F8200427FBE /* UIElements */,
				2CDFDDEA21ED501A00170A46 /* GeoHash */,
				2C1976A521ED266B00091F8C /* Assets.xcassets */,
				2C1976A721ED266B00091F8C /* LaunchScreen.storyboard */,
				2C1976AA21ED266B00091F8C /* Info.plist */,
				2CDFDDDC21ED283000170A46 /* GoogleService-Info.plist */,
			);
			path = PokemonGoTool;
			sourceTree = "<group>";
		};
		2C1AE58422638CDF00AE9C4A /* MapFilter */ = {
			isa = PBXGroup;
			children = (
				2C1AE58222638CD500AE9C4A /* MapFilterViewModel.swift */,
				2C1AE57E22637B5F00AE9C4A /* MapFilterViewController.swift */,
				2C1AE58022637BD100AE9C4A /* MapFilterViewController.storyboard */,
			);
			path = MapFilter;
			sourceTree = "<group>";
		};
		2C348BA222061A4000F6A1F7 /* Level */ = {
			isa = PBXGroup;
			children = (
				2C395A332203934C005330B8 /* RaidLevelViewController.swift */,
				2C395A3522039358005330B8 /* RaidLevelViewController.storyboard */,
			);
			path = Level;
			sourceTree = "<group>";
		};
		2C348BA322061A4B00F6A1F7 /* HatchTime */ = {
			isa = PBXGroup;
			children = (
				2C395A4A2205FA37005330B8 /* RaidHatchTimePickerViewController.swift */,
				2C395A3F2203B210005330B8 /* RaidHatchTimePickerViewController.storyboard */,
			);
			path = HatchTime;
			sourceTree = "<group>";
		};
		2C348BA422061A5B00F6A1F7 /* TimeLeft */ = {
			isa = PBXGroup;
			children = (
				2C395A57220603E4005330B8 /* RaidTimeLeftPickerViewController.swift */,
				2C395A56220603E4005330B8 /* RaidTimeLeftPickerViewController.storyboard */,
			);
			path = TimeLeft;
			sourceTree = "<group>";
		};
		2C348BA522061A6E00F6A1F7 /* MeetupTime */ = {
			isa = PBXGroup;
			children = (
				2C395A4D2205FA4B005330B8 /* RaidMeetupTimePickerViewController.swift */,
				2C395A4C2205FA4B005330B8 /* RaidMeetupTimePickerViewController.storyboard */,
			);
			path = MeetupTime;
			sourceTree = "<group>";
		};
		2C348BA622061A7800F6A1F7 /* AlreadyRunning */ = {
			isa = PBXGroup;
			children = (
				2C395A502205FCA3005330B8 /* RaidAlreadyRunningSwitchViewController.swift */,
				2C395A3D2203A2A2005330B8 /* RaidAlreadyRunningSwitchViewController.storyboard */,
			);
			path = AlreadyRunning;
			sourceTree = "<group>";
		};
		2C348BA722061A8400F6A1F7 /* UserParticipates */ = {
			isa = PBXGroup;
			children = (
				2C395A522205FCCA005330B8 /* RaidUserParticipateSwitchViewController.swift */,
				2C395A532205FCCB005330B8 /* RaidUserParticipateSwitchViewController.storyboard */,
			);
			path = UserParticipates;
			sourceTree = "<group>";
		};
		2C348BB1220657A400F6A1F7 /* RaidBossTableView */ = {
			isa = PBXGroup;
			children = (
				2C348BB42207424D00F6A1F7 /* RaidBossCollectionViewController.swift */,
				2C348BAF220639D100F6A1F7 /* RaidBossCollectionViewController.storyboard */,
			);
			path = RaidBossTableView;
			sourceTree = "<group>";
		};
		2C34F1DD220F133100B3B99C /* Details */ = {
			isa = PBXGroup;
			children = (
				2C34F1DF220F135700B3B99C /* PokestopDetails */,
				2C34F1DE220F134200B3B99C /* ArenaDetails */,
				0379FC20223A5F4700A2D1C0 /* ChatViewController.swift */,
				0379FC24223A660200A2D1C0 /* ChatViewController.storyboard */,
			);
			path = Details;
			sourceTree = "<group>";
		};
		2C34F1DE220F134200B3B99C /* ArenaDetails */ = {
			isa = PBXGroup;
			children = (
				2C97154B221DE7EB00B4E49A /* ArenaDetailsViewModel.swift */,
				0379FC22223A5F5F00A2D1C0 /* ArenaDetailsViewController.swift */,
				2C971549221DE62700B4E49A /* ArenaDetailsViewController.storyboard */,
				2C030866222C85B2007A1EA0 /* ArenaDetailsInfoViewController.swift */,
				2C030868222C85EB007A1EA0 /* ArenaDetailsInfoViewController.storyboard */,
				2C2E98462291F43D001ED8C6 /* ArenaDetailsGoldArenaSwitchViewController.swift */,
				2C2E98482291F448001ED8C6 /* ArenaDetailsGoldArenaSwitchViewController.storyboard */,
				2C03085E222B40AF007A1EA0 /* ArenaDetailsHeaderViewController.swift */,
				2C03085C222B4098007A1EA0 /* ArenaDetailsHeaderViewController.storyboard */,
				0364D57E2245089F00DA0508 /* ArenaDetailsMeetupTimeViewController.swift */,
				0364D580224508AD00DA0508 /* ArenaDetailsMeetupTimeViewController.storyboard */,
				2C03085A222B3DF9007A1EA0 /* ArenaDetailsRestTimeViewController.swift */,
				2C97154F221DF09A00B4E49A /* ArenaDetailsRestTimeViewController.storyboard */,
				035A836A2232D3B200658841 /* ArenaDetailsParticipantsOverviewViewController.swift */,
				035A836C2232D3D000658841 /* ArenaDetailsParticipantsOverviewViewController.storyboard */,
				2C2E98422291EEB3001ED8C6 /* ArenaDetailsUserParticipatesViewController.swift */,
				2C2E98442291EEE4001ED8C6 /* ArenaDetailsUserParticipatesViewController.storyboard */,
				2CC2EDED222ADD740087DF6F /* ArenaDetailsParticipantsTableViewController.swift */,
				2CC2EDEB222ADD510087DF6F /* ArenaDetailsParticipantsTableViewController.storyboard */,
			);
			path = ArenaDetails;
			sourceTree = "<group>";
		};
		2C34F1DF220F135700B3B99C /* PokestopDetails */ = {
			isa = PBXGroup;
			children = (
				2C34F1E4221092D100B3B99C /* PokestopDetailsViewController.swift */,
				2C34F1E62210933700B3B99C /* PokestopDetailsViewController.storyboard */,
				2C1AE574225FBB0000AE9C4A /* PokestopQuestViewController.swift */,
				2C1AE576225FBB0C00AE9C4A /* PokestopQuestViewController.storyboard */,
				2C34F1E8221206A000B3B99C /* PokestopDetailsViewModel.swift */,
				2C1AE578225FD05700AE9C4A /* PokestopInfoViewController.swift */,
				2C1AE57A225FD06100AE9C4A /* PokestopInfoViewController.storyboard */,
			);
			path = PokestopDetails;
			sourceTree = "<group>";
		};
		2C395A2022025122005330B8 /* Map */ = {
			isa = PBXGroup;
			children = (
				2CDFDDDE21ED2BC100170A46 /* MapViewController.swift */,
				2C395A1C22024F40005330B8 /* MapViewController.storyboard */,
				2C870DD822135C60000F2268 /* MapViewController+Extension.swift */,
				2C5E5704227778B9002E00B0 /* PoiSubmissable.swift */,
				2CBC09FB227F7B6100135473 /* GeohashRegisterable.swift */,
				2CBC09F9227F795400135473 /* MapRegionSetable.swift */,
				2CBC09FD227F7B8D00135473 /* BottomMenuShowable.swift */,
				2C1AE58422638CDF00AE9C4A /* MapFilter */,
			);
			path = Map;
			sourceTree = "<group>";
		};
		2C395A212202512E005330B8 /* Coordinator */ = {
			isa = PBXGroup;
			children = (
				2C395A17220248A1005330B8 /* Coordinator.swift */,
				2C395A1922024A7F005330B8 /* MainCoordinator.swift */,
				2C395A2F22026598005330B8 /* NavigationController.swift */,
			);
			path = Coordinator;
			sourceTree = "<group>";
		};
		2C395A262202559A005330B8 /* SubmitName */ = {
			isa = PBXGroup;
			children = (
				2C6E7F7121FF893F00427FBE /* SubmitNameViewController.swift */,
				2C395A24220253DD005330B8 /* SubmitNameViewController.storyboard */,
			);
			path = SubmitName;
			sourceTree = "<group>";
		};
		2C395A27220255AE005330B8 /* SubmitStart */ = {
			isa = PBXGroup;
			children = (
				2C97F78B21F6881A00630BA2 /* SubmitViewController.swift */,
				2C97F78D21F6883000630BA2 /* SubmitViewController.storyboard */,
			);
			path = SubmitStart;
			sourceTree = "<group>";
		};
		2C395A28220255C2005330B8 /* SubmitCheck */ = {
			isa = PBXGroup;
			children = (
				2C6E7F7521FF8EBA00427FBE /* SubmitCheckViewController.swift */,
				2C395A2222025329005330B8 /* SubmitCheckViewController.storyboard */,
			);
			path = SubmitCheck;
			sourceTree = "<group>";
		};
		2C395A29220255FD005330B8 /* SubmitQuest */ = {
			isa = PBXGroup;
			children = (
				2C97F78321F67B3700630BA2 /* SubmitQuestViewController.swift */,
				2C97F78521F67B5C00630BA2 /* SubmitQuestViewController.storyboard */,
			);
			path = SubmitQuest;
			sourceTree = "<group>";
		};
		2C395A2A22025610005330B8 /* SubmitRaid */ = {
			isa = PBXGroup;
			children = (
				2C395A412203D393005330B8 /* SubmitRaidViewModel.swift */,
				2C395A1522012CC4005330B8 /* SubmitRaidDetailsViewController.swift */,
				2C395A1322012C8E005330B8 /* SubmitRaidDetailsViewController.storyboard */,
				2C348BA222061A4000F6A1F7 /* Level */,
				2C348BB1220657A400F6A1F7 /* RaidBossTableView */,
				2C348BA322061A4B00F6A1F7 /* HatchTime */,
				2C348BA422061A5B00F6A1F7 /* TimeLeft */,
				2C348BA522061A6E00F6A1F7 /* MeetupTime */,
				2C348BA622061A7800F6A1F7 /* AlreadyRunning */,
				2C348BA722061A8400F6A1F7 /* UserParticipates */,
				2C395A5C22060EF7005330B8 /* SeparatorView.swift */,
				2C395A5A22060E9D005330B8 /* SeparatorView.xib */,
			);
			path = SubmitRaid;
			sourceTree = "<group>";
		};
		2C496D3F226B9F0700E668F1 /* Medals */ = {
			isa = PBXGroup;
			children = (
				2C1AE587226B97CA00AE9C4A /* AccountMedalViewController.swift */,
				2C1AE58B226B97EC00AE9C4A /* AccountMedalViewController.storyboard */,
				2C496D40226E05E700E668F1 /* AccountMedalViewModel.swift */,
			);
			path = Medals;
			sourceTree = "<group>";
		};
		2C6E7F7D22011C4000427FBE /* SubmitPokestopArena */ = {
			isa = PBXGroup;
			children = (
				2C6E7F7721FFD41900427FBE /* SubmitViewModel.swift */,
				2C6E7F7321FF8DD500427FBE /* SubmitMapViewController.swift */,
				2C395A27220255AE005330B8 /* SubmitStart */,
				2C395A262202559A005330B8 /* SubmitName */,
				2C395A28220255C2005330B8 /* SubmitCheck */,
			);
			path = SubmitPokestopArena;
			sourceTree = "<group>";
		};
		2C6E7F8222011F8200427FBE /* UIElements */ = {
			isa = PBXGroup;
			children = (
				2C34F1A7220B720C00B3B99C /* ButtonsStackViewController.swift */,
				2C34F1A9220B737E00B3B99C /* ButtonsStackViewController.storyboard */,
				2C0733572279BA6000C45028 /* CircleButton.swift */,
				2C1AE57C225FF6DF00AE9C4A /* StackView.swift */,
				2C6E7F8022011ED900427FBE /* Label.swift */,
				2C7DC24C21FE8D2800BC3F24 /* Button.swift */,
			);
			path = UIElements;
			sourceTree = "<group>";
		};
		2C97F77421F66CD900630BA2 /* Extensions */ = {
			isa = PBXGroup;
			children = (
				2C34F1D9220E5CD400B3B99C /* UIColor+Extension.swift */,
				2C84B9F82214C22A00BE433B /* Pulsator.swift */,
				2C6E7F792201103500427FBE /* ScrollableViewController.swift */,
				2C6E7F7B220110C200427FBE /* UIView+Extension.swift */,
				2C395A2B22025708005330B8 /* ViewModel.swift */,
				2C97F78021F67AC700630BA2 /* NibView.swift */,
				2C97F77F21F67AC600630BA2 /* StoryboardViewController.swift */,
				2CF6F9A021F012EB00610BC9 /* MKPolyline+Extension.swift */,
				2C97F77221F6585900630BA2 /* Double+String+Extension.swift */,
				2C44EAAC21FA73E40029527C /* UIViewController+Extensions.swift */,
				2C44EAB021FCA0B10029527C /* Array+Extension.swift */,
				2C7DC24A21FE805900BC3F24 /* MKMapView+Extension.swift */,
				2C395A482204C110005330B8 /* UIStackView+Extension.swift */,
				2C34F1A3220A4C7C00B3B99C /* UIImage+Extension.swift */,
				2C34F1AB220B990600B3B99C /* UIButton+Extension.swift */,
				2C34F1DB220F10C300B3B99C /* MapTypeSwitchable.swift */,
				2C84B9FA2214C83E00BE433B /* MKAnnotationView+Extension.swift */,
			);
			path = Extensions;
			sourceTree = "<group>";
		};
		2C97F78721F67D2F00630BA2 /* Submit */ = {
			isa = PBXGroup;
			children = (
				2C395A29220255FD005330B8 /* SubmitQuest */,
				2C6E7F7D22011C4000427FBE /* SubmitPokestopArena */,
				2C395A2A22025610005330B8 /* SubmitRaid */,
			);
			path = Submit;
			sourceTree = "<group>";
		};
		2C97F78821F67D3E00630BA2 /* Account */ = {
			isa = PBXGroup;
			children = (
				2CF6F9A421F259E700610BC9 /* AccountViewController.swift */,
				2C395A1E22025100005330B8 /* AccountViewController.storyboard */,
				2C1AE570225E884200AE9C4A /* AccountWelcomeViewController.swift */,
				2C1AE572225E885900AE9C4A /* AccountWelcomeViewController.storyboard */,
				2C0B5B7E2258D87A00620F4A /* AccountOverviewViewController.swift */,
				2C0B5B802258D88D00620F4A /* AccountOverviewViewController.storyboard */,
				2C496D3F226B9F0700E668F1 /* Medals */,
				2C0B5B742255408800620F4A /* AccountInputViewController.swift */,
				2C0B5B76225540A100620F4A /* AccountInputViewController.storyboard */,
				2C0B5B702255399300620F4A /* AccountTeamAndLevelViewController.swift */,
				2C0B5B6E2255387500620F4A /* AccountTeamAndLevelViewController.storyboard */,
				2C1AE56A225BFEE800AE9C4A /* AccountSignUpViewController.swift */,
				2C1AE56C225BFF0600AE9C4A /* AccountSignUpViewController.storyboard */,
				2C79CA3F21F92E1600FA82EE /* User.swift */,
				2C0B5B7222553B2500620F4A /* AccountViewModel.swift */,
				2C1AE56E225D198800AE9C4A /* SignUpViewModel.swift */,
			);
			path = Account;
			sourceTree = "<group>";
		};
		2C97F78921F67D4F00630BA2 /* Annotations */ = {
			isa = PBXGroup;
			children = (
				2C2FB5742219A4C2009CCEF8 /* CountClusterAnnotationView.swift */,
				2C44EAAE21FA7CDB0029527C /* ArenaPointAnnotation.swift */,
				2CF6F99E21EFF71600610BC9 /* PokestopPointAnnotation.swift */,
				2C97F77521F6729700630BA2 /* CustomAnnotationView.swift */,
				2C97F77721F672F400630BA2 /* AnnotationView.swift */,
				2C97F77B21F6742D00630BA2 /* DetailAnnotationView.swift */,
				2C97F77A21F6742D00630BA2 /* DetailAnnotationView.xib */,
			);
			path = Annotations;
			sourceTree = "<group>";
		};
		2C97F78A21F67D6D00630BA2 /* Firebase */ = {
			isa = PBXGroup;
			children = (
				2C97F77021F6576500630BA2 /* Model.swift */,
				2CDFDDE221ED4A3D00170A46 /* FirebaseConnector.swift */,
				2C5DAA3D226FB6AF00252AC8 /* FirebaseDefines.swift */,
				2C030862222B5A38007A1EA0 /* FirebaseTestData.swift */,
				2C97F76E21F297E900630BA2 /* FirebaseStatusPresentable.swift */,
			);
			path = Firebase;
			sourceTree = "<group>";
		};
		2CDFDDEA21ED501A00170A46 /* GeoHash */ = {
			isa = PBXGroup;
			children = (
				2C44EAB221FCC45C0029527C /* MapRectUtility.swift */,
				2CF6F9A221F130C400610BC9 /* GeohashWIndow.swift */,
				2CDFDDE621ED4FFB00170A46 /* Geohash.swift */,
				2CDFDDE721ED4FFB00170A46 /* GeohashBox.swift */,
			);
			path = GeoHash;
			sourceTree = "<group>";
		};
		343F3E850971499C3D289673 /* Pods */ = {
			isa = PBXGroup;
			children = (
				FFADD158951324AC77E484BA /* Pods-PokemonGoTool.debug.xcconfig */,
				BD8D17068DFD218CB12B0034 /* Pods-PokemonGoTool.release.xcconfig */,
			);
			name = Pods;
			sourceTree = "<group>";
		};
		9F247A602ECC6BF79D26CD78 /* Frameworks */ = {
			isa = PBXGroup;
			children = (
				85FDB96095CB21653BF580B8 /* Pods_PokemonGoTool.framework */,
			);
			name = Frameworks;
			sourceTree = "<group>";
		};
/* End PBXGroup section */

/* Begin PBXNativeTarget section */
		2C19769A21ED266900091F8C /* PokemonGoTool */ = {
			isa = PBXNativeTarget;
			buildConfigurationList = 2C1976AD21ED266B00091F8C /* Build configuration list for PBXNativeTarget "PokemonGoTool" */;
			buildPhases = (
				4EC8629B9A97862DF397556E /* [CP] Check Pods Manifest.lock */,
				2C19769721ED266900091F8C /* Sources */,
				2C19769821ED266900091F8C /* Frameworks */,
				2C19769921ED266900091F8C /* Resources */,
				40B398E778E5892C4D4DF4AD /* [CP] Embed Pods Frameworks */,
			);
			buildRules = (
			);
			dependencies = (
			);
			name = PokemonGoTool;
			productName = PokemonGoTool;
			productReference = 2C19769B21ED266900091F8C /* PokemonGoTool.app */;
			productType = "com.apple.product-type.application";
		};
/* End PBXNativeTarget section */

/* Begin PBXProject section */
		2C19769321ED266900091F8C /* Project object */ = {
			isa = PBXProject;
			attributes = {
				LastSwiftUpdateCheck = 1010;
				LastUpgradeCheck = 1010;
				ORGANIZATIONNAME = "Nicolo Stanciu";
				TargetAttributes = {
					2C19769A21ED266900091F8C = {
						CreatedOnToolsVersion = 10.1;
						LastSwiftMigration = 1020;
						SystemCapabilities = {
							com.apple.Keychain = {
								enabled = 1;
							};
							com.apple.Push = {
								enabled = 1;
							};
						};
					};
				};
			};
			buildConfigurationList = 2C19769621ED266900091F8C /* Build configuration list for PBXProject "PokemonGoTool" */;
			compatibilityVersion = "Xcode 9.3";
			developmentRegion = en;
			hasScannedForEncodings = 0;
			knownRegions = (
				en,
				Base,
				de,
			);
			mainGroup = 2C19769221ED266900091F8C;
			productRefGroup = 2C19769C21ED266900091F8C /* Products */;
			projectDirPath = "";
			projectRoot = "";
			targets = (
				2C19769A21ED266900091F8C /* PokemonGoTool */,
			);
		};
/* End PBXProject section */

/* Begin PBXResourcesBuildPhase section */
		2C19769921ED266900091F8C /* Resources */ = {
			isa = PBXResourcesBuildPhase;
			buildActionMask = 2147483647;
			files = (
				2C0B5B812258D88D00620F4A /* AccountOverviewViewController.storyboard in Resources */,
				2C34F1AA220B737E00B3B99C /* ButtonsStackViewController.storyboard in Resources */,
				2C395A25220253DD005330B8 /* SubmitNameViewController.storyboard in Resources */,
				2CBCD8E9221C8EA30058D782 /* LoadingViewController.storyboard in Resources */,
				2C395A1D22024F40005330B8 /* MapViewController.storyboard in Resources */,
				2CC2EDEC222ADD510087DF6F /* ArenaDetailsParticipantsTableViewController.storyboard in Resources */,
				2C1AE58122637BD100AE9C4A /* MapFilterViewController.storyboard in Resources */,
				035A836D2232D3D000658841 /* ArenaDetailsParticipantsOverviewViewController.storyboard in Resources */,
				2C1AE577225FBB0C00AE9C4A /* PokestopQuestViewController.storyboard in Resources */,
				2C395A5B22060E9D005330B8 /* SeparatorView.xib in Resources */,
				2C348BB0220639D100F6A1F7 /* RaidBossCollectionViewController.storyboard in Resources */,
				0379FC25223A660200A2D1C0 /* ChatViewController.storyboard in Resources */,
				2C395A1422012C8E005330B8 /* SubmitRaidDetailsViewController.storyboard in Resources */,
				2C97154A221DE62700B4E49A /* ArenaDetailsViewController.storyboard in Resources */,
				2C03085D222B4098007A1EA0 /* ArenaDetailsHeaderViewController.storyboard in Resources */,
				2C1AE56D225BFF0600AE9C4A /* AccountSignUpViewController.storyboard in Resources */,
				2C97F78621F67B5C00630BA2 /* SubmitQuestViewController.storyboard in Resources */,
				2C395A3E2203A2A2005330B8 /* RaidAlreadyRunningSwitchViewController.storyboard in Resources */,
				2C030869222C85EB007A1EA0 /* ArenaDetailsInfoViewController.storyboard in Resources */,
				2C1AE573225E885900AE9C4A /* AccountWelcomeViewController.storyboard in Resources */,
				2C1AE58C226B97EC00AE9C4A /* AccountMedalViewController.storyboard in Resources */,
				2C2E98492291F448001ED8C6 /* ArenaDetailsGoldArenaSwitchViewController.storyboard in Resources */,
				2C395A402203B210005330B8 /* RaidHatchTimePickerViewController.storyboard in Resources */,
				2C0B5B77225540A100620F4A /* AccountInputViewController.storyboard in Resources */,
				2C395A2322025329005330B8 /* SubmitCheckViewController.storyboard in Resources */,
				2C1976A921ED266B00091F8C /* LaunchScreen.storyboard in Resources */,
				2CDFDDDD21ED283000170A46 /* GoogleService-Info.plist in Resources */,
				2C971550221DF09A00B4E49A /* ArenaDetailsRestTimeViewController.storyboard in Resources */,
				2C395A4F2205FB0F005330B8 /* RaidMeetupTimePickerViewController.storyboard in Resources */,
				2C1AE57B225FD06100AE9C4A /* PokestopInfoViewController.storyboard in Resources */,
				2C395A592206041B005330B8 /* RaidTimeLeftPickerViewController.storyboard in Resources */,
				2C1976A621ED266B00091F8C /* Assets.xcassets in Resources */,
				2C395A3622039358005330B8 /* RaidLevelViewController.storyboard in Resources */,
				2C2E98452291EEE4001ED8C6 /* ArenaDetailsUserParticipatesViewController.storyboard in Resources */,
				2C97F78E21F6883000630BA2 /* SubmitViewController.storyboard in Resources */,
				2C395A1F22025100005330B8 /* AccountViewController.storyboard in Resources */,
				2C0B5B6F2255387500620F4A /* AccountTeamAndLevelViewController.storyboard in Resources */,
				2C97F77D21F6742D00630BA2 /* DetailAnnotationView.xib in Resources */,
				2C395A552205FF79005330B8 /* RaidUserParticipateSwitchViewController.storyboard in Resources */,
				2C34F1E72210933700B3B99C /* PokestopDetailsViewController.storyboard in Resources */,
				0364D581224508AD00DA0508 /* ArenaDetailsMeetupTimeViewController.storyboard in Resources */,
			);
			runOnlyForDeploymentPostprocessing = 0;
		};
/* End PBXResourcesBuildPhase section */

/* Begin PBXShellScriptBuildPhase section */
		40B398E778E5892C4D4DF4AD /* [CP] Embed Pods Frameworks */ = {
			isa = PBXShellScriptBuildPhase;
			buildActionMask = 2147483647;
			files = (
			);
			inputFileListPaths = (
			);
			inputPaths = (
				"${PODS_ROOT}/Target Support Files/Pods-PokemonGoTool/Pods-PokemonGoTool-frameworks.sh",
				"${BUILT_PRODUCTS_DIR}/Cluster/Cluster.framework",
				"${BUILT_PRODUCTS_DIR}/CodableFirebase/CodableFirebase.framework",
				"${BUILT_PRODUCTS_DIR}/GTMSessionFetcher/GTMSessionFetcher.framework",
				"${BUILT_PRODUCTS_DIR}/GoogleUtilities/GoogleUtilities.framework",
				"${BUILT_PRODUCTS_DIR}/MarqueeLabel/MarqueeLabel.framework",
				"${BUILT_PRODUCTS_DIR}/MessageInputBar/MessageInputBar.framework",
				"${BUILT_PRODUCTS_DIR}/MessageKit/MessageKit.framework",
				"${BUILT_PRODUCTS_DIR}/NVActivityIndicatorView/NVActivityIndicatorView.framework",
				"${BUILT_PRODUCTS_DIR}/NotificationBannerSwift/NotificationBannerSwift.framework",
				"${BUILT_PRODUCTS_DIR}/Protobuf/Protobuf.framework",
				"${BUILT_PRODUCTS_DIR}/SnapKit/SnapKit.framework",
				"${BUILT_PRODUCTS_DIR}/UIWindowTransitions/UIWindowTransitions.framework",
				"${BUILT_PRODUCTS_DIR}/leveldb-library/leveldb.framework",
				"${BUILT_PRODUCTS_DIR}/nanopb/nanopb.framework",
			);
			name = "[CP] Embed Pods Frameworks";
			outputFileListPaths = (
			);
			outputPaths = (
				"${TARGET_BUILD_DIR}/${FRAMEWORKS_FOLDER_PATH}/Cluster.framework",
				"${TARGET_BUILD_DIR}/${FRAMEWORKS_FOLDER_PATH}/CodableFirebase.framework",
				"${TARGET_BUILD_DIR}/${FRAMEWORKS_FOLDER_PATH}/GTMSessionFetcher.framework",
				"${TARGET_BUILD_DIR}/${FRAMEWORKS_FOLDER_PATH}/GoogleUtilities.framework",
				"${TARGET_BUILD_DIR}/${FRAMEWORKS_FOLDER_PATH}/MarqueeLabel.framework",
				"${TARGET_BUILD_DIR}/${FRAMEWORKS_FOLDER_PATH}/MessageInputBar.framework",
				"${TARGET_BUILD_DIR}/${FRAMEWORKS_FOLDER_PATH}/MessageKit.framework",
				"${TARGET_BUILD_DIR}/${FRAMEWORKS_FOLDER_PATH}/NVActivityIndicatorView.framework",
				"${TARGET_BUILD_DIR}/${FRAMEWORKS_FOLDER_PATH}/NotificationBannerSwift.framework",
				"${TARGET_BUILD_DIR}/${FRAMEWORKS_FOLDER_PATH}/Protobuf.framework",
				"${TARGET_BUILD_DIR}/${FRAMEWORKS_FOLDER_PATH}/SnapKit.framework",
				"${TARGET_BUILD_DIR}/${FRAMEWORKS_FOLDER_PATH}/UIWindowTransitions.framework",
				"${TARGET_BUILD_DIR}/${FRAMEWORKS_FOLDER_PATH}/leveldb.framework",
				"${TARGET_BUILD_DIR}/${FRAMEWORKS_FOLDER_PATH}/nanopb.framework",
			);
			runOnlyForDeploymentPostprocessing = 0;
			shellPath = /bin/sh;
			shellScript = "\"${PODS_ROOT}/Target Support Files/Pods-PokemonGoTool/Pods-PokemonGoTool-frameworks.sh\"\n";
			showEnvVarsInLog = 0;
		};
		4EC8629B9A97862DF397556E /* [CP] Check Pods Manifest.lock */ = {
			isa = PBXShellScriptBuildPhase;
			buildActionMask = 2147483647;
			files = (
			);
			inputFileListPaths = (
			);
			inputPaths = (
				"${PODS_PODFILE_DIR_PATH}/Podfile.lock",
				"${PODS_ROOT}/Manifest.lock",
			);
			name = "[CP] Check Pods Manifest.lock";
			outputFileListPaths = (
			);
			outputPaths = (
				"$(DERIVED_FILE_DIR)/Pods-PokemonGoTool-checkManifestLockResult.txt",
			);
			runOnlyForDeploymentPostprocessing = 0;
			shellPath = /bin/sh;
			shellScript = "diff \"${PODS_PODFILE_DIR_PATH}/Podfile.lock\" \"${PODS_ROOT}/Manifest.lock\" > /dev/null\nif [ $? != 0 ] ; then\n    # print error to STDERR\n    echo \"error: The sandbox is not in sync with the Podfile.lock. Run 'pod install' or update your CocoaPods installation.\" >&2\n    exit 1\nfi\n# This output is used by Xcode 'outputs' to avoid re-running this script phase.\necho \"SUCCESS\" > \"${SCRIPT_OUTPUT_FILE_0}\"\n";
			showEnvVarsInLog = 0;
		};
/* End PBXShellScriptBuildPhase section */

/* Begin PBXSourcesBuildPhase section */
		2C19769721ED266900091F8C /* Sources */ = {
			isa = PBXSourcesBuildPhase;
			buildActionMask = 2147483647;
			files = (
				2CF6F9A821F2846D00610BC9 /* AppModule.swift in Sources */,
				2C5E5705227778B9002E00B0 /* PoiSubmissable.swift in Sources */,
				2C395A512205FCA3005330B8 /* RaidAlreadyRunningSwitchViewController.swift in Sources */,
				2CBC0A00227F7BEF00135473 /* Constants.swift in Sources */,
				2C030863222B5A38007A1EA0 /* FirebaseTestData.swift in Sources */,
				2C870DD922135C60000F2268 /* MapViewController+Extension.swift in Sources */,
				2C84B9F92214C22A00BE433B /* Pulsator.swift in Sources */,
				2C97F78C21F6881A00630BA2 /* SubmitViewController.swift in Sources */,
				2C97F77621F6729700630BA2 /* CustomAnnotationView.swift in Sources */,
				2C84B9FB2214C83E00BE433B /* MKAnnotationView+Extension.swift in Sources */,
				2C34F1E9221206A000B3B99C /* PokestopDetailsViewModel.swift in Sources */,
				2C496D41226E05E700E668F1 /* AccountMedalViewModel.swift in Sources */,
				2C6E7F7421FF8DD500427FBE /* SubmitMapViewController.swift in Sources */,
				2C1AE588226B97CA00AE9C4A /* AccountMedalViewController.swift in Sources */,
				2C97F77821F672F400630BA2 /* AnnotationView.swift in Sources */,
				2C44EAAD21FA73E40029527C /* UIViewController+Extensions.swift in Sources */,
				2C6E7F7221FF893F00427FBE /* SubmitNameViewController.swift in Sources */,
				2C19769F21ED266A00091F8C /* AppDelegate.swift in Sources */,
				0379FC23223A5F5F00A2D1C0 /* ArenaDetailsViewController.swift in Sources */,
				2C1AE579225FD05700AE9C4A /* PokestopInfoViewController.swift in Sources */,
				2C44EAB121FCA0B10029527C /* Array+Extension.swift in Sources */,
				2C03085F222B40AF007A1EA0 /* ArenaDetailsHeaderViewController.swift in Sources */,
				2C7DC24D21FE8D2800BC3F24 /* Button.swift in Sources */,
				2C03085B222B3DF9007A1EA0 /* ArenaDetailsRestTimeViewController.swift in Sources */,
				2C97F77321F6585900630BA2 /* Double+String+Extension.swift in Sources */,
				035A836B2232D3B200658841 /* ArenaDetailsParticipantsOverviewViewController.swift in Sources */,
				2C348BB32207394100F6A1F7 /* ITunesFileSharingManager.swift in Sources */,
				2C0B5B712255399300620F4A /* AccountTeamAndLevelViewController.swift in Sources */,
				2C34F1AC220B990600B3B99C /* UIButton+Extension.swift in Sources */,
				2C34F1DC220F10C300B3B99C /* MapTypeSwitchable.swift in Sources */,
				2C395A18220248A1005330B8 /* Coordinator.swift in Sources */,
				2C97F78221F67AC700630BA2 /* NibView.swift in Sources */,
				2C6E7F7A2201103500427FBE /* ScrollableViewController.swift in Sources */,
				2CF6F9A121F012EB00610BC9 /* MKPolyline+Extension.swift in Sources */,
				2C97F77121F6576500630BA2 /* Model.swift in Sources */,
				2CC2EDEE222ADD740087DF6F /* ArenaDetailsParticipantsTableViewController.swift in Sources */,
				2C395A5D22060EF7005330B8 /* SeparatorView.swift in Sources */,
				2C34F1E5221092D100B3B99C /* PokestopDetailsViewController.swift in Sources */,
				2C79CA4021F92E1600FA82EE /* User.swift in Sources */,
				2C34F1A8220B720C00B3B99C /* ButtonsStackViewController.swift in Sources */,
				2C5DAA3E226FB6AF00252AC8 /* FirebaseDefines.swift in Sources */,
				2C395A3022026598005330B8 /* NavigationController.swift in Sources */,
				2C1AE57F22637B5F00AE9C4A /* MapFilterViewController.swift in Sources */,
				2C34F1A4220A4C7C00B3B99C /* UIImage+Extension.swift in Sources */,
				2C97F78121F67AC700630BA2 /* StoryboardViewController.swift in Sources */,
				2C6E7F7821FFD41900427FBE /* SubmitViewModel.swift in Sources */,
				2C97154C221DE7EB00B4E49A /* ArenaDetailsViewModel.swift in Sources */,
				2C1AE5862263CC6F00AE9C4A /* Settings.swift in Sources */,
				2C395A2C22025708005330B8 /* ViewModel.swift in Sources */,
				2CF6F99F21EFF71600610BC9 /* PokestopPointAnnotation.swift in Sources */,
				2C395A4E2205FA4B005330B8 /* RaidMeetupTimePickerViewController.swift in Sources */,
				2C2E98432291EEB3001ED8C6 /* ArenaDetailsUserParticipatesViewController.swift in Sources */,
				2C395A492204C110005330B8 /* UIStackView+Extension.swift in Sources */,
				2C395A4B2205FA38005330B8 /* RaidHatchTimePickerViewController.swift in Sources */,
				2C97F76F21F297E900630BA2 /* FirebaseStatusPresentable.swift in Sources */,
				2C44EAB321FCC45C0029527C /* MapRectUtility.swift in Sources */,
				2C97F78421F67B3700630BA2 /* SubmitQuestViewController.swift in Sources */,
				2C2E98472291F43D001ED8C6 /* ArenaDetailsGoldArenaSwitchViewController.swift in Sources */,
				2CBCD8E7221C8E910058D782 /* LoadingViewController.swift in Sources */,
				2C34F19E220A173300B3B99C /* PushManager.swift in Sources */,
				2C0B5B752255408800620F4A /* AccountInputViewController.swift in Sources */,
				2CDFDDE921ED4FFB00170A46 /* GeohashBox.swift in Sources */,
				2C6E7F7621FF8EBA00427FBE /* SubmitCheckViewController.swift in Sources */,
				2C6E7F7C220110C200427FBE /* UIView+Extension.swift in Sources */,
				2C395A1622012CC4005330B8 /* SubmitRaidDetailsViewController.swift in Sources */,
				2C34F1DA220E5CD500B3B99C /* UIColor+Extension.swift in Sources */,
				2CDFDDDF21ED2BC100170A46 /* MapViewController.swift in Sources */,
				2C44EAAF21FA7CDB0029527C /* ArenaPointAnnotation.swift in Sources */,
				2C0B5B7F2258D87A00620F4A /* AccountOverviewViewController.swift in Sources */,
				2C1AE56B225BFEE800AE9C4A /* AccountSignUpViewController.swift in Sources */,
				2C2FB5752219A4C2009CCEF8 /* CountClusterAnnotationView.swift in Sources */,
				2C395A422203D393005330B8 /* SubmitRaidViewModel.swift in Sources */,
				2CDFDDE821ED4FFB00170A46 /* Geohash.swift in Sources */,
				2C1AE58322638CD500AE9C4A /* MapFilterViewModel.swift in Sources */,
				2C1AE57D225FF6DF00AE9C4A /* StackView.swift in Sources */,
				2CF6F9A521F259E700610BC9 /* AccountViewController.swift in Sources */,
				2C395A58220603E4005330B8 /* RaidTimeLeftPickerViewController.swift in Sources */,
				2C97F77E21F6742D00630BA2 /* DetailAnnotationView.swift in Sources */,
				2CDFDDE321ED4A3D00170A46 /* FirebaseConnector.swift in Sources */,
				2C395A1A22024A7F005330B8 /* MainCoordinator.swift in Sources */,
				2C030867222C85B2007A1EA0 /* ArenaDetailsInfoViewController.swift in Sources */,
				2C1AE571225E884200AE9C4A /* AccountWelcomeViewController.swift in Sources */,
				2C395A542205FCCB005330B8 /* RaidUserParticipateSwitchViewController.swift in Sources */,
				2CF6F9A321F130C400610BC9 /* GeohashWIndow.swift in Sources */,
				2C395A342203934C005330B8 /* RaidLevelViewController.swift in Sources */,
				2CBC09FE227F7B8D00135473 /* BottomMenuShowable.swift in Sources */,
				2C2E984B22948F8A001ED8C6 /* RaidBossManager.swift in Sources */,
				0364D57F2245089F00DA0508 /* ArenaDetailsMeetupTimeViewController.swift in Sources */,
				2CBC09FA227F795400135473 /* MapRegionSetable.swift in Sources */,
				2C0B5B7322553B2500620F4A /* AccountViewModel.swift in Sources */,
				2C7DC24B21FE805900BC3F24 /* MKMapView+Extension.swift in Sources */,
				2CBC09FC227F7B6100135473 /* GeohashRegisterable.swift in Sources */,
				0379FC21223A5F4700A2D1C0 /* ChatViewController.swift in Sources */,
				2C6E7F8122011ED900427FBE /* Label.swift in Sources */,
				2C07335A227B670300C45028 /* NotificationBannerManager.swift in Sources */,
				2CDFDDE121ED306F00170A46 /* LocationManager.swift in Sources */,
				2C1AE56F225D198800AE9C4A /* SignUpViewModel.swift in Sources */,
				2C1AE575225FBB0000AE9C4A /* PokestopQuestViewController.swift in Sources */,
				2C348BB52207424D00F6A1F7 /* RaidBossCollectionViewController.swift in Sources */,
				2C0733582279BA6000C45028 /* CircleButton.swift in Sources */,
			);
			runOnlyForDeploymentPostprocessing = 0;
		};
/* End PBXSourcesBuildPhase section */

/* Begin PBXVariantGroup section */
		2C1976A721ED266B00091F8C /* LaunchScreen.storyboard */ = {
			isa = PBXVariantGroup;
			children = (
				2C1976A821ED266B00091F8C /* Base */,
				2C971551221F6CB600B4E49A /* de */,
			);
			name = LaunchScreen.storyboard;
			sourceTree = "<group>";
		};
/* End PBXVariantGroup section */

/* Begin XCBuildConfiguration section */
		2C1976AB21ED266B00091F8C /* Debug */ = {
			isa = XCBuildConfiguration;
			buildSettings = {
				ALWAYS_SEARCH_USER_PATHS = NO;
				CLANG_ANALYZER_LOCALIZABILITY_NONLOCALIZED = YES;
				CLANG_ANALYZER_NONNULL = YES;
				CLANG_ANALYZER_NUMBER_OBJECT_CONVERSION = YES_AGGRESSIVE;
				CLANG_CXX_LANGUAGE_STANDARD = "gnu++14";
				CLANG_CXX_LIBRARY = "libc++";
				CLANG_ENABLE_MODULES = YES;
				CLANG_ENABLE_OBJC_ARC = YES;
				CLANG_ENABLE_OBJC_WEAK = YES;
				CLANG_WARN_BLOCK_CAPTURE_AUTORELEASING = YES;
				CLANG_WARN_BOOL_CONVERSION = YES;
				CLANG_WARN_COMMA = YES;
				CLANG_WARN_CONSTANT_CONVERSION = YES;
				CLANG_WARN_DEPRECATED_OBJC_IMPLEMENTATIONS = YES;
				CLANG_WARN_DIRECT_OBJC_ISA_USAGE = YES_ERROR;
				CLANG_WARN_DOCUMENTATION_COMMENTS = YES;
				CLANG_WARN_EMPTY_BODY = YES;
				CLANG_WARN_ENUM_CONVERSION = YES;
				CLANG_WARN_INFINITE_RECURSION = YES;
				CLANG_WARN_INT_CONVERSION = YES;
				CLANG_WARN_NON_LITERAL_NULL_CONVERSION = YES;
				CLANG_WARN_OBJC_IMPLICIT_RETAIN_SELF = YES;
				CLANG_WARN_OBJC_LITERAL_CONVERSION = YES;
				CLANG_WARN_OBJC_ROOT_CLASS = YES_ERROR;
				CLANG_WARN_RANGE_LOOP_ANALYSIS = YES;
				CLANG_WARN_STRICT_PROTOTYPES = YES;
				CLANG_WARN_SUSPICIOUS_MOVE = YES;
				CLANG_WARN_UNGUARDED_AVAILABILITY = YES_AGGRESSIVE;
				CLANG_WARN_UNREACHABLE_CODE = YES;
				CLANG_WARN__DUPLICATE_METHOD_MATCH = YES;
				CODE_SIGN_IDENTITY = "iPhone Developer";
				COPY_PHASE_STRIP = NO;
				DEBUG_INFORMATION_FORMAT = dwarf;
				ENABLE_STRICT_OBJC_MSGSEND = YES;
				ENABLE_TESTABILITY = YES;
				GCC_C_LANGUAGE_STANDARD = gnu11;
				GCC_DYNAMIC_NO_PIC = NO;
				GCC_NO_COMMON_BLOCKS = YES;
				GCC_OPTIMIZATION_LEVEL = 0;
				GCC_PREPROCESSOR_DEFINITIONS = (
					"DEBUG=1",
					"$(inherited)",
				);
				GCC_WARN_64_TO_32_BIT_CONVERSION = YES;
				GCC_WARN_ABOUT_RETURN_TYPE = YES_ERROR;
				GCC_WARN_UNDECLARED_SELECTOR = YES;
				GCC_WARN_UNINITIALIZED_AUTOS = YES_AGGRESSIVE;
				GCC_WARN_UNUSED_FUNCTION = YES;
				GCC_WARN_UNUSED_VARIABLE = YES;
				IPHONEOS_DEPLOYMENT_TARGET = 12.1;
				MTL_ENABLE_DEBUG_INFO = INCLUDE_SOURCE;
				MTL_FAST_MATH = YES;
				ONLY_ACTIVE_ARCH = YES;
				SDKROOT = iphoneos;
				SWIFT_ACTIVE_COMPILATION_CONDITIONS = DEBUG;
				SWIFT_OPTIMIZATION_LEVEL = "-Onone";
			};
			name = Debug;
		};
		2C1976AC21ED266B00091F8C /* Release */ = {
			isa = XCBuildConfiguration;
			buildSettings = {
				ALWAYS_SEARCH_USER_PATHS = NO;
				CLANG_ANALYZER_LOCALIZABILITY_NONLOCALIZED = YES;
				CLANG_ANALYZER_NONNULL = YES;
				CLANG_ANALYZER_NUMBER_OBJECT_CONVERSION = YES_AGGRESSIVE;
				CLANG_CXX_LANGUAGE_STANDARD = "gnu++14";
				CLANG_CXX_LIBRARY = "libc++";
				CLANG_ENABLE_MODULES = YES;
				CLANG_ENABLE_OBJC_ARC = YES;
				CLANG_ENABLE_OBJC_WEAK = YES;
				CLANG_WARN_BLOCK_CAPTURE_AUTORELEASING = YES;
				CLANG_WARN_BOOL_CONVERSION = YES;
				CLANG_WARN_COMMA = YES;
				CLANG_WARN_CONSTANT_CONVERSION = YES;
				CLANG_WARN_DEPRECATED_OBJC_IMPLEMENTATIONS = YES;
				CLANG_WARN_DIRECT_OBJC_ISA_USAGE = YES_ERROR;
				CLANG_WARN_DOCUMENTATION_COMMENTS = YES;
				CLANG_WARN_EMPTY_BODY = YES;
				CLANG_WARN_ENUM_CONVERSION = YES;
				CLANG_WARN_INFINITE_RECURSION = YES;
				CLANG_WARN_INT_CONVERSION = YES;
				CLANG_WARN_NON_LITERAL_NULL_CONVERSION = YES;
				CLANG_WARN_OBJC_IMPLICIT_RETAIN_SELF = YES;
				CLANG_WARN_OBJC_LITERAL_CONVERSION = YES;
				CLANG_WARN_OBJC_ROOT_CLASS = YES_ERROR;
				CLANG_WARN_RANGE_LOOP_ANALYSIS = YES;
				CLANG_WARN_STRICT_PROTOTYPES = YES;
				CLANG_WARN_SUSPICIOUS_MOVE = YES;
				CLANG_WARN_UNGUARDED_AVAILABILITY = YES_AGGRESSIVE;
				CLANG_WARN_UNREACHABLE_CODE = YES;
				CLANG_WARN__DUPLICATE_METHOD_MATCH = YES;
				CODE_SIGN_IDENTITY = "iPhone Developer";
				COPY_PHASE_STRIP = NO;
				DEBUG_INFORMATION_FORMAT = "dwarf-with-dsym";
				ENABLE_NS_ASSERTIONS = NO;
				ENABLE_STRICT_OBJC_MSGSEND = YES;
				GCC_C_LANGUAGE_STANDARD = gnu11;
				GCC_NO_COMMON_BLOCKS = YES;
				GCC_WARN_64_TO_32_BIT_CONVERSION = YES;
				GCC_WARN_ABOUT_RETURN_TYPE = YES_ERROR;
				GCC_WARN_UNDECLARED_SELECTOR = YES;
				GCC_WARN_UNINITIALIZED_AUTOS = YES_AGGRESSIVE;
				GCC_WARN_UNUSED_FUNCTION = YES;
				GCC_WARN_UNUSED_VARIABLE = YES;
				IPHONEOS_DEPLOYMENT_TARGET = 12.1;
				MTL_ENABLE_DEBUG_INFO = NO;
				MTL_FAST_MATH = YES;
				SDKROOT = iphoneos;
				SWIFT_COMPILATION_MODE = wholemodule;
				SWIFT_OPTIMIZATION_LEVEL = "-O";
				VALIDATE_PRODUCT = YES;
			};
			name = Release;
		};
		2C1976AE21ED266B00091F8C /* Debug */ = {
			isa = XCBuildConfiguration;
			baseConfigurationReference = FFADD158951324AC77E484BA /* Pods-PokemonGoTool.debug.xcconfig */;
			buildSettings = {
				ASSETCATALOG_COMPILER_APPICON_NAME = AppIcon;
				CODE_SIGN_ENTITLEMENTS = PokemonGoTool/PokemonGoTool.entitlements;
				CODE_SIGN_STYLE = Automatic;
				DEVELOPMENT_TEAM = FMXL9R3NPC;
				INFOPLIST_FILE = PokemonGoTool/Info.plist;
				LD_RUNPATH_SEARCH_PATHS = (
					"$(inherited)",
					"@executable_path/Frameworks",
				);
				PRODUCT_BUNDLE_IDENTIFIER = io.stanc.PokemonGoTool;
				PRODUCT_NAME = "$(TARGET_NAME)";
				SWIFT_VERSION = 5.0;
				TARGETED_DEVICE_FAMILY = "1,2";
			};
			name = Debug;
		};
		2C1976AF21ED266B00091F8C /* Release */ = {
			isa = XCBuildConfiguration;
			baseConfigurationReference = BD8D17068DFD218CB12B0034 /* Pods-PokemonGoTool.release.xcconfig */;
			buildSettings = {
				ASSETCATALOG_COMPILER_APPICON_NAME = AppIcon;
				CODE_SIGN_ENTITLEMENTS = PokemonGoTool/PokemonGoTool.entitlements;
				CODE_SIGN_STYLE = Automatic;
				DEVELOPMENT_TEAM = FMXL9R3NPC;
				INFOPLIST_FILE = PokemonGoTool/Info.plist;
				LD_RUNPATH_SEARCH_PATHS = (
					"$(inherited)",
					"@executable_path/Frameworks",
				);
				PRODUCT_BUNDLE_IDENTIFIER = io.stanc.PokemonGoTool;
				PRODUCT_NAME = "$(TARGET_NAME)";
				SWIFT_VERSION = 5.0;
				TARGETED_DEVICE_FAMILY = "1,2";
			};
			name = Release;
		};
/* End XCBuildConfiguration section */

/* Begin XCConfigurationList section */
		2C19769621ED266900091F8C /* Build configuration list for PBXProject "PokemonGoTool" */ = {
			isa = XCConfigurationList;
			buildConfigurations = (
				2C1976AB21ED266B00091F8C /* Debug */,
				2C1976AC21ED266B00091F8C /* Release */,
			);
			defaultConfigurationIsVisible = 0;
			defaultConfigurationName = Release;
		};
		2C1976AD21ED266B00091F8C /* Build configuration list for PBXNativeTarget "PokemonGoTool" */ = {
			isa = XCConfigurationList;
			buildConfigurations = (
				2C1976AE21ED266B00091F8C /* Debug */,
				2C1976AF21ED266B00091F8C /* Release */,
			);
			defaultConfigurationIsVisible = 0;
			defaultConfigurationName = Release;
		};
/* End XCConfigurationList section */
	};
	rootObject = 2C19769321ED266900091F8C /* Project object */;
}
